// !$*UTF8*$!
{
	archiveVersion = 1;
	classes = {
	};
	objectVersion = 46;
	objects = {

/* Begin PBXBuildFile section */
		1D051A1F156A4078007BFE40 /* NSArray+SearchResultsGrouping.m in Sources */ = {isa = PBXBuildFile; fileRef = 1D051A1E156A4078007BFE40 /* NSArray+SearchResultsGrouping.m */; };
		1D051A2A156A4952007BFE40 /* CoreLocation.framework in Frameworks */ = {isa = PBXBuildFile; fileRef = 1D09575D156531A2008C69E3 /* CoreLocation.framework */; };
		1D051A31156A6323007BFE40 /* UPCSearchResultGroup.m in Sources */ = {isa = PBXBuildFile; fileRef = 1D051A30156A6323007BFE40 /* UPCSearchResultGroup.m */; };
		1D0956B91563A704008C69E3 /* UIKit.framework in Frameworks */ = {isa = PBXBuildFile; fileRef = 1D0956B81563A704008C69E3 /* UIKit.framework */; };
		1D0956BB1563A704008C69E3 /* Foundation.framework in Frameworks */ = {isa = PBXBuildFile; fileRef = 1D0956BA1563A704008C69E3 /* Foundation.framework */; };
		1D0956BD1563A704008C69E3 /* CoreGraphics.framework in Frameworks */ = {isa = PBXBuildFile; fileRef = 1D0956BC1563A704008C69E3 /* CoreGraphics.framework */; };
		1D0956C51563A704008C69E3 /* main.m in Sources */ = {isa = PBXBuildFile; fileRef = 1D0956C41563A704008C69E3 /* main.m */; };
		1D0956D71563A704008C69E3 /* SenTestingKit.framework in Frameworks */ = {isa = PBXBuildFile; fileRef = 1D0956D61563A704008C69E3 /* SenTestingKit.framework */; };
		1D0956D81563A704008C69E3 /* UIKit.framework in Frameworks */ = {isa = PBXBuildFile; fileRef = 1D0956B81563A704008C69E3 /* UIKit.framework */; };
		1D0956D91563A704008C69E3 /* Foundation.framework in Frameworks */ = {isa = PBXBuildFile; fileRef = 1D0956BA1563A704008C69E3 /* Foundation.framework */; };
		1D0956EF1563A7B7008C69E3 /* InfoPlist.strings in Resources */ = {isa = PBXBuildFile; fileRef = 1D0956F01563A7B7008C69E3 /* InfoPlist.strings */; };
		1D0956F81563A805008C69E3 /* UPCAppDelegate.m in Sources */ = {isa = PBXBuildFile; fileRef = 1D0956F41563A805008C69E3 /* UPCAppDelegate.m */; };
		1D0956F91563A805008C69E3 /* UPCViewController.m in Sources */ = {isa = PBXBuildFile; fileRef = 1D0956F71563A805008C69E3 /* UPCViewController.m */; };
		1D0956FD1563A813008C69E3 /* MainStoryboard.storyboard in Resources */ = {isa = PBXBuildFile; fileRef = 1D0956FC1563A813008C69E3 /* MainStoryboard.storyboard */; };
		1D0957181563AADB008C69E3 /* ico_atenea.png in Resources */ = {isa = PBXBuildFile; fileRef = 1D0956FF1563AADB008C69E3 /* ico_atenea.png */; };
		1D0957191563AADB008C69E3 /* ico_atenea@2x.png in Resources */ = {isa = PBXBuildFile; fileRef = 1D0957001563AADB008C69E3 /* ico_atenea@2x.png */; };
		1D09571A1563AADB008C69E3 /* ico_graus.png in Resources */ = {isa = PBXBuildFile; fileRef = 1D0957011563AADB008C69E3 /* ico_graus.png */; };
		1D09571B1563AADB008C69E3 /* ico_graus@2x.png in Resources */ = {isa = PBXBuildFile; fileRef = 1D0957021563AADB008C69E3 /* ico_graus@2x.png */; };
		1D09571C1563AADB008C69E3 /* ico_mapes.png in Resources */ = {isa = PBXBuildFile; fileRef = 1D0957031563AADB008C69E3 /* ico_mapes.png */; };
		1D09571D1563AADB008C69E3 /* ico_mapes@2x.png in Resources */ = {isa = PBXBuildFile; fileRef = 1D0957041563AADB008C69E3 /* ico_mapes@2x.png */; };
		1D09571E1563AADB008C69E3 /* ico_masters.png in Resources */ = {isa = PBXBuildFile; fileRef = 1D0957051563AADB008C69E3 /* ico_masters.png */; };
		1D09571F1563AADB008C69E3 /* ico_masters@2x.png in Resources */ = {isa = PBXBuildFile; fileRef = 1D0957061563AADB008C69E3 /* ico_masters@2x.png */; };
		1D0957201563AADB008C69E3 /* ico_videos.png in Resources */ = {isa = PBXBuildFile; fileRef = 1D0957071563AADB008C69E3 /* ico_videos.png */; };
		1D0957211563AADB008C69E3 /* ico_videos@2x.png in Resources */ = {isa = PBXBuildFile; fileRef = 1D0957081563AADB008C69E3 /* ico_videos@2x.png */; };
		1D0957221563AADB008C69E3 /* app-store-icon-1024x1024-precomposed.png in Resources */ = {isa = PBXBuildFile; fileRef = 1D09570A1563AADB008C69E3 /* app-store-icon-1024x1024-precomposed.png */; };
		1D0957231563AADB008C69E3 /* app-store-icon-512x512-precomposed.png in Resources */ = {isa = PBXBuildFile; fileRef = 1D09570B1563AADB008C69E3 /* app-store-icon-512x512-precomposed.png */; };
		1D0957241563AADB008C69E3 /* apple-touch-icon-114x114-precomposed.png in Resources */ = {isa = PBXBuildFile; fileRef = 1D09570C1563AADB008C69E3 /* apple-touch-icon-114x114-precomposed.png */; };
		1D0957261563AADB008C69E3 /* apple-touch-icon-57x57-precomposed.png in Resources */ = {isa = PBXBuildFile; fileRef = 1D09570E1563AADB008C69E3 /* apple-touch-icon-57x57-precomposed.png */; };
		1D09572C1563AADB008C69E3 /* spotlight_100x100.png in Resources */ = {isa = PBXBuildFile; fileRef = 1D0957141563AADB008C69E3 /* spotlight_100x100.png */; };
		1D09572D1563AADB008C69E3 /* spotlight_29x29.png in Resources */ = {isa = PBXBuildFile; fileRef = 1D0957151563AADB008C69E3 /* spotlight_29x29.png */; };
		1D09572E1563AADB008C69E3 /* spotlight_50x50.png in Resources */ = {isa = PBXBuildFile; fileRef = 1D0957161563AADB008C69E3 /* spotlight_50x50.png */; };
		1D09572F1563AADB008C69E3 /* spotlight_58x58.png in Resources */ = {isa = PBXBuildFile; fileRef = 1D0957171563AADB008C69E3 /* spotlight_58x58.png */; };
		1D09573A1563B547008C69E3 /* MapKit.framework in Frameworks */ = {isa = PBXBuildFile; fileRef = 1D0957391563B547008C69E3 /* MapKit.framework */; };
		1D0957451563B796008C69E3 /* Default.png in Resources */ = {isa = PBXBuildFile; fileRef = 1D0957431563B796008C69E3 /* Default.png */; };
		1D0957461563B796008C69E3 /* Default@2x.png in Resources */ = {isa = PBXBuildFile; fileRef = 1D0957441563B796008C69E3 /* Default@2x.png */; };
		1D0957491563E326008C69E3 /* UPCResponsiveWebViewController.m in Sources */ = {isa = PBXBuildFile; fileRef = 1D0957481563E326008C69E3 /* UPCResponsiveWebViewController.m */; };
		1D09575215650280008C69E3 /* button.back.png in Resources */ = {isa = PBXBuildFile; fileRef = 1D09574E1565027F008C69E3 /* button.back.png */; };
		1D09575315650280008C69E3 /* button.back@2x.png in Resources */ = {isa = PBXBuildFile; fileRef = 1D09574F15650280008C69E3 /* button.back@2x.png */; };
		1D09575415650280008C69E3 /* button.forward.png in Resources */ = {isa = PBXBuildFile; fileRef = 1D09575015650280008C69E3 /* button.forward.png */; };
		1D09575515650280008C69E3 /* button.forward@2x.png in Resources */ = {isa = PBXBuildFile; fileRef = 1D09575115650280008C69E3 /* button.forward@2x.png */; };
		1D09575815652F84008C69E3 /* UPCMapsViewController.m in Sources */ = {isa = PBXBuildFile; fileRef = 1D09575715652F84008C69E3 /* UPCMapsViewController.m */; };
		1D09575E156531A2008C69E3 /* CoreLocation.framework in Frameworks */ = {isa = PBXBuildFile; fileRef = 1D09575D156531A2008C69E3 /* CoreLocation.framework */; };
		1D237111157E45DF00C89B54 /* menu_fonsDegradat.png in Resources */ = {isa = PBXBuildFile; fileRef = 1D23710F157E45DF00C89B54 /* menu_fonsDegradat.png */; };
		1D237112157E45DF00C89B54 /* menu_logoUPC.png in Resources */ = {isa = PBXBuildFile; fileRef = 1D237110157E45DF00C89B54 /* menu_logoUPC.png */; };
		1D23716D157F40B500C89B54 /* menu_fonsDegradat@2x.png in Resources */ = {isa = PBXBuildFile; fileRef = 1D23716B157F40B500C89B54 /* menu_fonsDegradat@2x.png */; };
		1D23716E157F40B500C89B54 /* menu_logoUPC@2x.png in Resources */ = {isa = PBXBuildFile; fileRef = 1D23716C157F40B500C89B54 /* menu_logoUPC@2x.png */; };
		1D60A7F61B6B5D5300518AB4 /* ico_futur.png in Resources */ = {isa = PBXBuildFile; fileRef = 1D60A7F41B6B5D5300518AB4 /* ico_futur.png */; };
		1D60A7F71B6B5D5300518AB4 /* ico_futur@2x.png in Resources */ = {isa = PBXBuildFile; fileRef = 1D60A7F51B6B5D5300518AB4 /* ico_futur@2x.png */; };
		1D7BA2FC157781E8000189AB /* UPCLocality.m in Sources */ = {isa = PBXBuildFile; fileRef = 1D7BA2FB157781E8000189AB /* UPCLocality.m */; };
		1D7BA300157783EB000189AB /* UPCCenter.m in Sources */ = {isa = PBXBuildFile; fileRef = 1D7BA2FF157783EB000189AB /* UPCCenter.m */; };
		1D7BA30415778770000189AB /* localities.json in Resources */ = {isa = PBXBuildFile; fileRef = 1D7BA30315778770000189AB /* localities.json */; };
		1D7BA30715778EEC000189AB /* UPCUnit.m in Sources */ = {isa = PBXBuildFile; fileRef = 1D7BA30615778EEC000189AB /* UPCUnit.m */; };
		1D7BA30915779F7D000189AB /* unit.json in Resources */ = {isa = PBXBuildFile; fileRef = 1D7BA30815779F7D000189AB /* unit.json */; };
		1D7BA30C15779FF2000189AB /* UPCQualifications.m in Sources */ = {isa = PBXBuildFile; fileRef = 1D7BA30B15779FF2000189AB /* UPCQualifications.m */; };
		1D7BA3101577AA03000189AB /* building.json in Resources */ = {isa = PBXBuildFile; fileRef = 1D7BA30F1577AA03000189AB /* building.json */; };
		1D7BA3131577AA2B000189AB /* UPCBuilding.m in Sources */ = {isa = PBXBuildFile; fileRef = 1D7BA3121577AA2B000189AB /* UPCBuilding.m */; };
		1D7BA3181577B49B000189AB /* UPCLocalityViewController.m in Sources */ = {isa = PBXBuildFile; fileRef = 1D7BA3171577B49B000189AB /* UPCLocalityViewController.m */; };
		1D7BA35E1577CC92000189AB /* UPCSearchResultsViewController.m in Sources */ = {isa = PBXBuildFile; fileRef = 1D7BA35D1577CC91000189AB /* UPCSearchResultsViewController.m */; };
		1D7BA3671578DA27000189AB /* UPCBuildingViewController.m in Sources */ = {isa = PBXBuildFile; fileRef = 1D7BA3661578DA26000189AB /* UPCBuildingViewController.m */; };
		1D7BA36A1578DA47000189AB /* UPCUnitViewController.m in Sources */ = {isa = PBXBuildFile; fileRef = 1D7BA3691578DA47000189AB /* UPCUnitViewController.m */; };
		1D7BA36D1578DBB8000189AB /* UPCStructuredDataViewController.m in Sources */ = {isa = PBXBuildFile; fileRef = 1D7BA36C1578DBB7000189AB /* UPCStructuredDataViewController.m */; };
		1D90343615B960060072B3FB /* UPCSearchResultsSelectionViewController.m in Sources */ = {isa = PBXBuildFile; fileRef = 1D90343515B960060072B3FB /* UPCSearchResultsSelectionViewController.m */; };
		1D90343915B968620072B3FB /* UPCSearchResultSelectionCell.m in Sources */ = {isa = PBXBuildFile; fileRef = 1D90343815B968620072B3FB /* UPCSearchResultSelectionCell.m */; };
		1D90343C15B971E80072B3FB /* UISwitch+SearchResultIndex.m in Sources */ = {isa = PBXBuildFile; fileRef = 1D90343B15B971E80072B3FB /* UISwitch+SearchResultIndex.m */; };
		1DCE0AFA157C9BDA002A45DC /* UPCQualificationsViewController.m in Sources */ = {isa = PBXBuildFile; fileRef = 1DCE0AF9157C9BDA002A45DC /* UPCQualificationsViewController.m */; };
		1DCE0AFF157D0EF1002A45DC /* UPCAddressVideoCell.m in Sources */ = {isa = PBXBuildFile; fileRef = 1DCE0AFE157D0EF1002A45DC /* UPCAddressVideoCell.m */; };
		1DCE0B09157D1CFE002A45DC /* ImageIO.framework in Frameworks */ = {isa = PBXBuildFile; fileRef = 1DCE0B08157D1CFE002A45DC /* ImageIO.framework */; };
		1DD6FA4715B57C0A00EAAF4B /* ico_mastersProfessionals.png in Resources */ = {isa = PBXBuildFile; fileRef = 1DD6FA4515B57C0A00EAAF4B /* ico_mastersProfessionals.png */; };
		1DD6FA4815B57C0A00EAAF4B /* ico_mastersProfessionals@2x.png in Resources */ = {isa = PBXBuildFile; fileRef = 1DD6FA4615B57C0A00EAAF4B /* ico_mastersProfessionals@2x.png */; };
		1DD706FA156655EF00346AE0 /* CFNetwork.framework in Frameworks */ = {isa = PBXBuildFile; fileRef = 1DD706F9156655EF00346AE0 /* CFNetwork.framework */; };
		1DD706FE1566560800346AE0 /* MobileCoreServices.framework in Frameworks */ = {isa = PBXBuildFile; fileRef = 1DD706FD1566560800346AE0 /* MobileCoreServices.framework */; };
		1DD707001566561A00346AE0 /* Security.framework in Frameworks */ = {isa = PBXBuildFile; fileRef = 1DD706FF1566561A00346AE0 /* Security.framework */; };
		1DD707021566562300346AE0 /* SystemConfiguration.framework in Frameworks */ = {isa = PBXBuildFile; fileRef = 1DD707011566562300346AE0 /* SystemConfiguration.framework */; };
		1DD707041566562F00346AE0 /* libxml2.dylib in Frameworks */ = {isa = PBXBuildFile; fileRef = 1DD707031566562F00346AE0 /* libxml2.dylib */; };
		1DD707061566580E00346AE0 /* QuartzCore.framework in Frameworks */ = {isa = PBXBuildFile; fileRef = 1DD707051566580E00346AE0 /* QuartzCore.framework */; };
		1DD707331566851A00346AE0 /* UPCSearchResult.m in Sources */ = {isa = PBXBuildFile; fileRef = 1DD707321566851A00346AE0 /* UPCSearchResult.m */; };
		1DD7077A1566890B00346AE0 /* UPCRestKitConfigurator.m in Sources */ = {isa = PBXBuildFile; fileRef = 1DD707791566890B00346AE0 /* UPCRestKitConfigurator.m */; };
		1DD7077D15668F5C00346AE0 /* InfoPlist.strings in Resources */ = {isa = PBXBuildFile; fileRef = 1DD7077E15668F5C00346AE0 /* InfoPlist.strings */; };
		1DD7078115668FA300346AE0 /* searchResult.json in Resources */ = {isa = PBXBuildFile; fileRef = 1DD7078015668FA300346AE0 /* searchResult.json */; };
		1DE870E71579191400A1EA7F /* UPCLocalizedCurrentLocation.m in Sources */ = {isa = PBXBuildFile; fileRef = 1DE870E61579191400A1EA7F /* UPCLocalizedCurrentLocation.m */; };
		4992F8521B03A50F004239A0 /* CoreData.framework in Frameworks */ = {isa = PBXBuildFile; fileRef = 1DD706FB156655FA00346AE0 /* CoreData.framework */; };
		9A2D0E331828D7BD0040392A /* ico_biblioteques.png in Resources */ = {isa = PBXBuildFile; fileRef = 9A2D0E2F1828D7BD0040392A /* ico_biblioteques.png */; };
		9A2D0E341828D7BD0040392A /* ico_upc_commons@2x.png in Resources */ = {isa = PBXBuildFile; fileRef = 9A2D0E301828D7BD0040392A /* ico_upc_commons@2x.png */; };
		9A2D0E351828D7BD0040392A /* ico_biblioteques@2x.png in Resources */ = {isa = PBXBuildFile; fileRef = 9A2D0E311828D7BD0040392A /* ico_biblioteques@2x.png */; };
		9A2D0E361828D7BD0040392A /* ico_upc_commons.png in Resources */ = {isa = PBXBuildFile; fileRef = 9A2D0E321828D7BD0040392A /* ico_upc_commons.png */; };
		9AA8D8831806C78B00159AA3 /* Images.xcassets in Resources */ = {isa = PBXBuildFile; fileRef = 9AA8D8821806C78B00159AA3 /* Images.xcassets */; };
		FA42AC8B1E8E4ABCB2E13560 /* libPods.a in Frameworks */ = {isa = PBXBuildFile; fileRef = 2C3D71F9A0084193A151C1EB /* libPods.a */; };
/* End PBXBuildFile section */

/* Begin PBXContainerItemProxy section */
		1D0956DA1563A704008C69E3 /* PBXContainerItemProxy */ = {
			isa = PBXContainerItemProxy;
			containerPortal = 1D0956AB1563A704008C69E3 /* Project object */;
			proxyType = 1;
			remoteGlobalIDString = 1D0956B31563A704008C69E3;
			remoteInfo = UPC;
		};
/* End PBXContainerItemProxy section */

/* Begin PBXFileReference section */
		1D051A1D156A4078007BFE40 /* NSArray+SearchResultsGrouping.h */ = {isa = PBXFileReference; fileEncoding = 4; lastKnownFileType = sourcecode.c.h; path = "NSArray+SearchResultsGrouping.h"; sourceTree = "<group>"; };
		1D051A1E156A4078007BFE40 /* NSArray+SearchResultsGrouping.m */ = {isa = PBXFileReference; fileEncoding = 4; lastKnownFileType = sourcecode.c.objc; path = "NSArray+SearchResultsGrouping.m"; sourceTree = "<group>"; };
		1D051A2F156A6323007BFE40 /* UPCSearchResultGroup.h */ = {isa = PBXFileReference; fileEncoding = 4; lastKnownFileType = sourcecode.c.h; path = UPCSearchResultGroup.h; sourceTree = "<group>"; };
		1D051A30156A6323007BFE40 /* UPCSearchResultGroup.m */ = {isa = PBXFileReference; fileEncoding = 4; lastKnownFileType = sourcecode.c.objc; path = UPCSearchResultGroup.m; sourceTree = "<group>"; };
		1D0956B41563A704008C69E3 /* UPC.app */ = {isa = PBXFileReference; explicitFileType = wrapper.application; includeInIndex = 0; path = UPC.app; sourceTree = BUILT_PRODUCTS_DIR; };
		1D0956B81563A704008C69E3 /* UIKit.framework */ = {isa = PBXFileReference; lastKnownFileType = wrapper.framework; name = UIKit.framework; path = System/Library/Frameworks/UIKit.framework; sourceTree = SDKROOT; };
		1D0956BA1563A704008C69E3 /* Foundation.framework */ = {isa = PBXFileReference; lastKnownFileType = wrapper.framework; name = Foundation.framework; path = System/Library/Frameworks/Foundation.framework; sourceTree = SDKROOT; };
		1D0956BC1563A704008C69E3 /* CoreGraphics.framework */ = {isa = PBXFileReference; lastKnownFileType = wrapper.framework; name = CoreGraphics.framework; path = System/Library/Frameworks/CoreGraphics.framework; sourceTree = SDKROOT; };
		1D0956C01563A704008C69E3 /* UPC-Info.plist */ = {isa = PBXFileReference; lastKnownFileType = text.plist.xml; path = "UPC-Info.plist"; sourceTree = "<group>"; };
		1D0956C41563A704008C69E3 /* main.m */ = {isa = PBXFileReference; lastKnownFileType = sourcecode.c.objc; path = main.m; sourceTree = "<group>"; };
		1D0956C61563A704008C69E3 /* UPC-Prefix.pch */ = {isa = PBXFileReference; lastKnownFileType = sourcecode.c.h; path = "UPC-Prefix.pch"; sourceTree = "<group>"; };
		1D0956D51563A704008C69E3 /* UPCTests.octest */ = {isa = PBXFileReference; explicitFileType = wrapper.cfbundle; includeInIndex = 0; path = UPCTests.octest; sourceTree = BUILT_PRODUCTS_DIR; };
		1D0956D61563A704008C69E3 /* SenTestingKit.framework */ = {isa = PBXFileReference; lastKnownFileType = wrapper.framework; name = SenTestingKit.framework; path = Library/Frameworks/SenTestingKit.framework; sourceTree = DEVELOPER_DIR; };
		1D0956DE1563A704008C69E3 /* UPCTests-Info.plist */ = {isa = PBXFileReference; lastKnownFileType = text.plist.xml; path = "UPCTests-Info.plist"; sourceTree = "<group>"; };
		1D0956F01563A7B7008C69E3 /* InfoPlist.strings */ = {isa = PBXFileReference; lastKnownFileType = text.plist.strings; path = InfoPlist.strings; sourceTree = "<group>"; };
		1D0956F31563A805008C69E3 /* UPCAppDelegate.h */ = {isa = PBXFileReference; fileEncoding = 4; lastKnownFileType = sourcecode.c.h; path = UPCAppDelegate.h; sourceTree = "<group>"; };
		1D0956F41563A805008C69E3 /* UPCAppDelegate.m */ = {isa = PBXFileReference; fileEncoding = 4; lastKnownFileType = sourcecode.c.objc; path = UPCAppDelegate.m; sourceTree = "<group>"; };
		1D0956F61563A805008C69E3 /* UPCViewController.h */ = {isa = PBXFileReference; fileEncoding = 4; lastKnownFileType = sourcecode.c.h; path = UPCViewController.h; sourceTree = "<group>"; };
		1D0956F71563A805008C69E3 /* UPCViewController.m */ = {isa = PBXFileReference; fileEncoding = 4; lastKnownFileType = sourcecode.c.objc; path = UPCViewController.m; sourceTree = "<group>"; };
		1D0956FC1563A813008C69E3 /* MainStoryboard.storyboard */ = {isa = PBXFileReference; fileEncoding = 4; lastKnownFileType = file.storyboard; path = MainStoryboard.storyboard; sourceTree = "<group>"; };
		1D0956FF1563AADB008C69E3 /* ico_atenea.png */ = {isa = PBXFileReference; lastKnownFileType = image.png; path = ico_atenea.png; sourceTree = "<group>"; };
		1D0957001563AADB008C69E3 /* ico_atenea@2x.png */ = {isa = PBXFileReference; lastKnownFileType = image.png; path = "ico_atenea@2x.png"; sourceTree = "<group>"; };
		1D0957011563AADB008C69E3 /* ico_graus.png */ = {isa = PBXFileReference; lastKnownFileType = image.png; path = ico_graus.png; sourceTree = "<group>"; };
		1D0957021563AADB008C69E3 /* ico_graus@2x.png */ = {isa = PBXFileReference; lastKnownFileType = image.png; path = "ico_graus@2x.png"; sourceTree = "<group>"; };
		1D0957031563AADB008C69E3 /* ico_mapes.png */ = {isa = PBXFileReference; lastKnownFileType = image.png; path = ico_mapes.png; sourceTree = "<group>"; };
		1D0957041563AADB008C69E3 /* ico_mapes@2x.png */ = {isa = PBXFileReference; lastKnownFileType = image.png; path = "ico_mapes@2x.png"; sourceTree = "<group>"; };
		1D0957051563AADB008C69E3 /* ico_masters.png */ = {isa = PBXFileReference; lastKnownFileType = image.png; path = ico_masters.png; sourceTree = "<group>"; };
		1D0957061563AADB008C69E3 /* ico_masters@2x.png */ = {isa = PBXFileReference; lastKnownFileType = image.png; path = "ico_masters@2x.png"; sourceTree = "<group>"; };
		1D0957071563AADB008C69E3 /* ico_videos.png */ = {isa = PBXFileReference; lastKnownFileType = image.png; path = ico_videos.png; sourceTree = "<group>"; };
		1D0957081563AADB008C69E3 /* ico_videos@2x.png */ = {isa = PBXFileReference; lastKnownFileType = image.png; path = "ico_videos@2x.png"; sourceTree = "<group>"; };
		1D09570A1563AADB008C69E3 /* app-store-icon-1024x1024-precomposed.png */ = {isa = PBXFileReference; lastKnownFileType = image.png; path = "app-store-icon-1024x1024-precomposed.png"; sourceTree = "<group>"; };
		1D09570B1563AADB008C69E3 /* app-store-icon-512x512-precomposed.png */ = {isa = PBXFileReference; lastKnownFileType = image.png; path = "app-store-icon-512x512-precomposed.png"; sourceTree = "<group>"; };
		1D09570C1563AADB008C69E3 /* apple-touch-icon-114x114-precomposed.png */ = {isa = PBXFileReference; lastKnownFileType = image.png; path = "apple-touch-icon-114x114-precomposed.png"; sourceTree = "<group>"; };
		1D09570E1563AADB008C69E3 /* apple-touch-icon-57x57-precomposed.png */ = {isa = PBXFileReference; lastKnownFileType = image.png; path = "apple-touch-icon-57x57-precomposed.png"; sourceTree = "<group>"; };
		1D0957141563AADB008C69E3 /* spotlight_100x100.png */ = {isa = PBXFileReference; lastKnownFileType = image.png; path = spotlight_100x100.png; sourceTree = "<group>"; };
		1D0957151563AADB008C69E3 /* spotlight_29x29.png */ = {isa = PBXFileReference; lastKnownFileType = image.png; path = spotlight_29x29.png; sourceTree = "<group>"; };
		1D0957161563AADB008C69E3 /* spotlight_50x50.png */ = {isa = PBXFileReference; lastKnownFileType = image.png; path = spotlight_50x50.png; sourceTree = "<group>"; };
		1D0957171563AADB008C69E3 /* spotlight_58x58.png */ = {isa = PBXFileReference; lastKnownFileType = image.png; path = spotlight_58x58.png; sourceTree = "<group>"; };
		1D0957391563B547008C69E3 /* MapKit.framework */ = {isa = PBXFileReference; lastKnownFileType = wrapper.framework; name = MapKit.framework; path = System/Library/Frameworks/MapKit.framework; sourceTree = SDKROOT; };
		1D0957431563B796008C69E3 /* Default.png */ = {isa = PBXFileReference; lastKnownFileType = image.png; path = Default.png; sourceTree = "<group>"; };
		1D0957441563B796008C69E3 /* Default@2x.png */ = {isa = PBXFileReference; lastKnownFileType = image.png; path = "Default@2x.png"; sourceTree = "<group>"; };
		1D0957471563E326008C69E3 /* UPCResponsiveWebViewController.h */ = {isa = PBXFileReference; fileEncoding = 4; lastKnownFileType = sourcecode.c.h; path = UPCResponsiveWebViewController.h; sourceTree = "<group>"; };
		1D0957481563E326008C69E3 /* UPCResponsiveWebViewController.m */ = {isa = PBXFileReference; fileEncoding = 4; lastKnownFileType = sourcecode.c.objc; path = UPCResponsiveWebViewController.m; sourceTree = "<group>"; };
		1D09574E1565027F008C69E3 /* button.back.png */ = {isa = PBXFileReference; lastKnownFileType = image.png; path = button.back.png; sourceTree = "<group>"; };
		1D09574F15650280008C69E3 /* button.back@2x.png */ = {isa = PBXFileReference; lastKnownFileType = image.png; path = "button.back@2x.png"; sourceTree = "<group>"; };
		1D09575015650280008C69E3 /* button.forward.png */ = {isa = PBXFileReference; lastKnownFileType = image.png; path = button.forward.png; sourceTree = "<group>"; };
		1D09575115650280008C69E3 /* button.forward@2x.png */ = {isa = PBXFileReference; lastKnownFileType = image.png; path = "button.forward@2x.png"; sourceTree = "<group>"; };
		1D09575615652F83008C69E3 /* UPCMapsViewController.h */ = {isa = PBXFileReference; fileEncoding = 4; lastKnownFileType = sourcecode.c.h; path = UPCMapsViewController.h; sourceTree = "<group>"; };
		1D09575715652F84008C69E3 /* UPCMapsViewController.m */ = {isa = PBXFileReference; fileEncoding = 4; lastKnownFileType = sourcecode.c.objc; path = UPCMapsViewController.m; sourceTree = "<group>"; };
		1D09575D156531A2008C69E3 /* CoreLocation.framework */ = {isa = PBXFileReference; lastKnownFileType = wrapper.framework; name = CoreLocation.framework; path = System/Library/Frameworks/CoreLocation.framework; sourceTree = SDKROOT; };
		1D23710F157E45DF00C89B54 /* menu_fonsDegradat.png */ = {isa = PBXFileReference; lastKnownFileType = image.png; path = menu_fonsDegradat.png; sourceTree = "<group>"; };
		1D237110157E45DF00C89B54 /* menu_logoUPC.png */ = {isa = PBXFileReference; lastKnownFileType = image.png; path = menu_logoUPC.png; sourceTree = "<group>"; };
		1D23716B157F40B500C89B54 /* menu_fonsDegradat@2x.png */ = {isa = PBXFileReference; lastKnownFileType = image.png; path = "menu_fonsDegradat@2x.png"; sourceTree = "<group>"; };
		1D23716C157F40B500C89B54 /* menu_logoUPC@2x.png */ = {isa = PBXFileReference; lastKnownFileType = image.png; path = "menu_logoUPC@2x.png"; sourceTree = "<group>"; };
		1D60A7F41B6B5D5300518AB4 /* ico_futur.png */ = {isa = PBXFileReference; lastKnownFileType = image.png; path = ico_futur.png; sourceTree = "<group>"; };
		1D60A7F51B6B5D5300518AB4 /* ico_futur@2x.png */ = {isa = PBXFileReference; lastKnownFileType = image.png; path = "ico_futur@2x.png"; sourceTree = "<group>"; };
		1D7BA2FA157781E8000189AB /* UPCLocality.h */ = {isa = PBXFileReference; fileEncoding = 4; lastKnownFileType = sourcecode.c.h; path = UPCLocality.h; sourceTree = "<group>"; };
		1D7BA2FB157781E8000189AB /* UPCLocality.m */ = {isa = PBXFileReference; fileEncoding = 4; lastKnownFileType = sourcecode.c.objc; path = UPCLocality.m; sourceTree = "<group>"; };
		1D7BA2FE157783EB000189AB /* UPCCenter.h */ = {isa = PBXFileReference; fileEncoding = 4; lastKnownFileType = sourcecode.c.h; path = UPCCenter.h; sourceTree = "<group>"; };
		1D7BA2FF157783EB000189AB /* UPCCenter.m */ = {isa = PBXFileReference; fileEncoding = 4; lastKnownFileType = sourcecode.c.objc; path = UPCCenter.m; sourceTree = "<group>"; };
		1D7BA30315778770000189AB /* localities.json */ = {isa = PBXFileReference; fileEncoding = 4; lastKnownFileType = text.json; path = localities.json; sourceTree = "<group>"; };
		1D7BA30515778EEC000189AB /* UPCUnit.h */ = {isa = PBXFileReference; fileEncoding = 4; lastKnownFileType = sourcecode.c.h; path = UPCUnit.h; sourceTree = "<group>"; };
		1D7BA30615778EEC000189AB /* UPCUnit.m */ = {isa = PBXFileReference; fileEncoding = 4; lastKnownFileType = sourcecode.c.objc; path = UPCUnit.m; sourceTree = "<group>"; };
		1D7BA30815779F7D000189AB /* unit.json */ = {isa = PBXFileReference; fileEncoding = 4; lastKnownFileType = text.json; path = unit.json; sourceTree = "<group>"; };
		1D7BA30A15779FF2000189AB /* UPCQualifications.h */ = {isa = PBXFileReference; fileEncoding = 4; lastKnownFileType = sourcecode.c.h; path = UPCQualifications.h; sourceTree = "<group>"; };
		1D7BA30B15779FF2000189AB /* UPCQualifications.m */ = {isa = PBXFileReference; fileEncoding = 4; lastKnownFileType = sourcecode.c.objc; path = UPCQualifications.m; sourceTree = "<group>"; };
		1D7BA30F1577AA03000189AB /* building.json */ = {isa = PBXFileReference; fileEncoding = 4; lastKnownFileType = text.json; path = building.json; sourceTree = "<group>"; };
		1D7BA3111577AA2A000189AB /* UPCBuilding.h */ = {isa = PBXFileReference; fileEncoding = 4; lastKnownFileType = sourcecode.c.h; path = UPCBuilding.h; sourceTree = "<group>"; };
		1D7BA3121577AA2B000189AB /* UPCBuilding.m */ = {isa = PBXFileReference; fileEncoding = 4; lastKnownFileType = sourcecode.c.objc; path = UPCBuilding.m; sourceTree = "<group>"; };
		1D7BA3161577B49B000189AB /* UPCLocalityViewController.h */ = {isa = PBXFileReference; fileEncoding = 4; lastKnownFileType = sourcecode.c.h; path = UPCLocalityViewController.h; sourceTree = "<group>"; };
		1D7BA3171577B49B000189AB /* UPCLocalityViewController.m */ = {isa = PBXFileReference; fileEncoding = 4; lastKnownFileType = sourcecode.c.objc; path = UPCLocalityViewController.m; sourceTree = "<group>"; };
		1D7BA35C1577CC91000189AB /* UPCSearchResultsViewController.h */ = {isa = PBXFileReference; fileEncoding = 4; lastKnownFileType = sourcecode.c.h; path = UPCSearchResultsViewController.h; sourceTree = "<group>"; };
		1D7BA35D1577CC91000189AB /* UPCSearchResultsViewController.m */ = {isa = PBXFileReference; fileEncoding = 4; lastKnownFileType = sourcecode.c.objc; path = UPCSearchResultsViewController.m; sourceTree = "<group>"; };
		1D7BA3651578DA26000189AB /* UPCBuildingViewController.h */ = {isa = PBXFileReference; fileEncoding = 4; lastKnownFileType = sourcecode.c.h; path = UPCBuildingViewController.h; sourceTree = "<group>"; };
		1D7BA3661578DA26000189AB /* UPCBuildingViewController.m */ = {isa = PBXFileReference; fileEncoding = 4; lastKnownFileType = sourcecode.c.objc; path = UPCBuildingViewController.m; sourceTree = "<group>"; };
		1D7BA3681578DA46000189AB /* UPCUnitViewController.h */ = {isa = PBXFileReference; fileEncoding = 4; lastKnownFileType = sourcecode.c.h; path = UPCUnitViewController.h; sourceTree = "<group>"; };
		1D7BA3691578DA47000189AB /* UPCUnitViewController.m */ = {isa = PBXFileReference; fileEncoding = 4; lastKnownFileType = sourcecode.c.objc; path = UPCUnitViewController.m; sourceTree = "<group>"; };
		1D7BA36B1578DBB6000189AB /* UPCStructuredDataViewController.h */ = {isa = PBXFileReference; fileEncoding = 4; lastKnownFileType = sourcecode.c.h; path = UPCStructuredDataViewController.h; sourceTree = "<group>"; };
		1D7BA36C1578DBB7000189AB /* UPCStructuredDataViewController.m */ = {isa = PBXFileReference; fileEncoding = 4; lastKnownFileType = sourcecode.c.objc; path = UPCStructuredDataViewController.m; sourceTree = "<group>"; };
		1D90343415B960060072B3FB /* UPCSearchResultsSelectionViewController.h */ = {isa = PBXFileReference; fileEncoding = 4; lastKnownFileType = sourcecode.c.h; path = UPCSearchResultsSelectionViewController.h; sourceTree = "<group>"; };
		1D90343515B960060072B3FB /* UPCSearchResultsSelectionViewController.m */ = {isa = PBXFileReference; fileEncoding = 4; lastKnownFileType = sourcecode.c.objc; path = UPCSearchResultsSelectionViewController.m; sourceTree = "<group>"; };
		1D90343715B968620072B3FB /* UPCSearchResultSelectionCell.h */ = {isa = PBXFileReference; fileEncoding = 4; lastKnownFileType = sourcecode.c.h; path = UPCSearchResultSelectionCell.h; sourceTree = "<group>"; };
		1D90343815B968620072B3FB /* UPCSearchResultSelectionCell.m */ = {isa = PBXFileReference; fileEncoding = 4; lastKnownFileType = sourcecode.c.objc; path = UPCSearchResultSelectionCell.m; sourceTree = "<group>"; };
		1D90343A15B971E80072B3FB /* UISwitch+SearchResultIndex.h */ = {isa = PBXFileReference; fileEncoding = 4; lastKnownFileType = sourcecode.c.h; path = "UISwitch+SearchResultIndex.h"; sourceTree = "<group>"; };
		1D90343B15B971E80072B3FB /* UISwitch+SearchResultIndex.m */ = {isa = PBXFileReference; fileEncoding = 4; lastKnownFileType = sourcecode.c.objc; path = "UISwitch+SearchResultIndex.m"; sourceTree = "<group>"; };
		1DCE0AF8157C9BD9002A45DC /* UPCQualificationsViewController.h */ = {isa = PBXFileReference; fileEncoding = 4; lastKnownFileType = sourcecode.c.h; path = UPCQualificationsViewController.h; sourceTree = "<group>"; };
		1DCE0AF9157C9BDA002A45DC /* UPCQualificationsViewController.m */ = {isa = PBXFileReference; fileEncoding = 4; lastKnownFileType = sourcecode.c.objc; path = UPCQualificationsViewController.m; sourceTree = "<group>"; };
		1DCE0AFD157D0EF1002A45DC /* UPCAddressVideoCell.h */ = {isa = PBXFileReference; fileEncoding = 4; lastKnownFileType = sourcecode.c.h; path = UPCAddressVideoCell.h; sourceTree = "<group>"; };
		1DCE0AFE157D0EF1002A45DC /* UPCAddressVideoCell.m */ = {isa = PBXFileReference; fileEncoding = 4; lastKnownFileType = sourcecode.c.objc; path = UPCAddressVideoCell.m; sourceTree = "<group>"; };
		1DCE0B08157D1CFE002A45DC /* ImageIO.framework */ = {isa = PBXFileReference; lastKnownFileType = wrapper.framework; name = ImageIO.framework; path = System/Library/Frameworks/ImageIO.framework; sourceTree = SDKROOT; };
		1DD6FA4515B57C0A00EAAF4B /* ico_mastersProfessionals.png */ = {isa = PBXFileReference; lastKnownFileType = image.png; path = ico_mastersProfessionals.png; sourceTree = "<group>"; };
		1DD6FA4615B57C0A00EAAF4B /* ico_mastersProfessionals@2x.png */ = {isa = PBXFileReference; lastKnownFileType = image.png; path = "ico_mastersProfessionals@2x.png"; sourceTree = "<group>"; };
		1DD706F9156655EF00346AE0 /* CFNetwork.framework */ = {isa = PBXFileReference; lastKnownFileType = wrapper.framework; name = CFNetwork.framework; path = System/Library/Frameworks/CFNetwork.framework; sourceTree = SDKROOT; };
		1DD706FB156655FA00346AE0 /* CoreData.framework */ = {isa = PBXFileReference; lastKnownFileType = wrapper.framework; name = CoreData.framework; path = System/Library/Frameworks/CoreData.framework; sourceTree = SDKROOT; };
		1DD706FD1566560800346AE0 /* MobileCoreServices.framework */ = {isa = PBXFileReference; lastKnownFileType = wrapper.framework; name = MobileCoreServices.framework; path = System/Library/Frameworks/MobileCoreServices.framework; sourceTree = SDKROOT; };
		1DD706FF1566561A00346AE0 /* Security.framework */ = {isa = PBXFileReference; lastKnownFileType = wrapper.framework; name = Security.framework; path = System/Library/Frameworks/Security.framework; sourceTree = SDKROOT; };
		1DD707011566562300346AE0 /* SystemConfiguration.framework */ = {isa = PBXFileReference; lastKnownFileType = wrapper.framework; name = SystemConfiguration.framework; path = System/Library/Frameworks/SystemConfiguration.framework; sourceTree = SDKROOT; };
		1DD707031566562F00346AE0 /* libxml2.dylib */ = {isa = PBXFileReference; lastKnownFileType = "compiled.mach-o.dylib"; name = libxml2.dylib; path = usr/lib/libxml2.dylib; sourceTree = SDKROOT; };
		1DD707051566580E00346AE0 /* QuartzCore.framework */ = {isa = PBXFileReference; lastKnownFileType = wrapper.framework; name = QuartzCore.framework; path = System/Library/Frameworks/QuartzCore.framework; sourceTree = SDKROOT; };
		1DD707311566851A00346AE0 /* UPCSearchResult.h */ = {isa = PBXFileReference; fileEncoding = 4; lastKnownFileType = sourcecode.c.h; path = UPCSearchResult.h; sourceTree = "<group>"; };
		1DD707321566851A00346AE0 /* UPCSearchResult.m */ = {isa = PBXFileReference; fileEncoding = 4; lastKnownFileType = sourcecode.c.objc; path = UPCSearchResult.m; sourceTree = "<group>"; };
		1DD707781566890B00346AE0 /* UPCRestKitConfigurator.h */ = {isa = PBXFileReference; fileEncoding = 4; lastKnownFileType = sourcecode.c.h; path = UPCRestKitConfigurator.h; sourceTree = "<group>"; };
		1DD707791566890B00346AE0 /* UPCRestKitConfigurator.m */ = {isa = PBXFileReference; fileEncoding = 4; lastKnownFileType = sourcecode.c.objc; path = UPCRestKitConfigurator.m; sourceTree = "<group>"; };
		1DD7077E15668F5C00346AE0 /* InfoPlist.strings */ = {isa = PBXFileReference; lastKnownFileType = text.plist.strings; path = InfoPlist.strings; sourceTree = "<group>"; };
		1DD7078015668FA300346AE0 /* searchResult.json */ = {isa = PBXFileReference; fileEncoding = 4; lastKnownFileType = text.json; path = searchResult.json; sourceTree = "<group>"; };
		1DE870E51579191400A1EA7F /* UPCLocalizedCurrentLocation.h */ = {isa = PBXFileReference; fileEncoding = 4; lastKnownFileType = sourcecode.c.h; path = UPCLocalizedCurrentLocation.h; sourceTree = "<group>"; };
		1DE870E61579191400A1EA7F /* UPCLocalizedCurrentLocation.m */ = {isa = PBXFileReference; fileEncoding = 4; lastKnownFileType = sourcecode.c.objc; path = UPCLocalizedCurrentLocation.m; sourceTree = "<group>"; };
		2C3D71F9A0084193A151C1EB /* libPods.a */ = {isa = PBXFileReference; explicitFileType = archive.ar; includeInIndex = 0; path = libPods.a; sourceTree = BUILT_PRODUCTS_DIR; };
		43CC6CE3AB3C42D0F9986B45 /* Pods.release.xcconfig */ = {isa = PBXFileReference; includeInIndex = 1; lastKnownFileType = text.xcconfig; name = Pods.release.xcconfig; path = "../Pods/Target Support Files/Pods/Pods.release.xcconfig"; sourceTree = "<group>"; };
		5C7BC11405171AF31C6033AF /* Pods.debug.xcconfig */ = {isa = PBXFileReference; includeInIndex = 1; lastKnownFileType = text.xcconfig; name = Pods.debug.xcconfig; path = "../Pods/Target Support Files/Pods/Pods.debug.xcconfig"; sourceTree = "<group>"; };
		9A2D0E2F1828D7BD0040392A /* ico_biblioteques.png */ = {isa = PBXFileReference; lastKnownFileType = image.png; path = ico_biblioteques.png; sourceTree = "<group>"; };
		9A2D0E301828D7BD0040392A /* ico_upc_commons@2x.png */ = {isa = PBXFileReference; lastKnownFileType = image.png; path = "ico_upc_commons@2x.png"; sourceTree = "<group>"; };
		9A2D0E311828D7BD0040392A /* ico_biblioteques@2x.png */ = {isa = PBXFileReference; lastKnownFileType = image.png; path = "ico_biblioteques@2x.png"; sourceTree = "<group>"; };
		9A2D0E321828D7BD0040392A /* ico_upc_commons.png */ = {isa = PBXFileReference; lastKnownFileType = image.png; path = ico_upc_commons.png; sourceTree = "<group>"; };
		9AA8D8821806C78B00159AA3 /* Images.xcassets */ = {isa = PBXFileReference; lastKnownFileType = folder.assetcatalog; path = Images.xcassets; sourceTree = "<group>"; };
/* End PBXFileReference section */

/* Begin PBXFrameworksBuildPhase section */
		1D0956B11563A704008C69E3 /* Frameworks */ = {
			isa = PBXFrameworksBuildPhase;
			buildActionMask = 2147483647;
			files = (
				4992F8521B03A50F004239A0 /* CoreData.framework in Frameworks */,
				1DD707061566580E00346AE0 /* QuartzCore.framework in Frameworks */,
				1D0956B91563A704008C69E3 /* UIKit.framework in Frameworks */,
				1D0956BB1563A704008C69E3 /* Foundation.framework in Frameworks */,
				1D0956BD1563A704008C69E3 /* CoreGraphics.framework in Frameworks */,
				1D09573A1563B547008C69E3 /* MapKit.framework in Frameworks */,
				1D09575E156531A2008C69E3 /* CoreLocation.framework in Frameworks */,
				1DD706FA156655EF00346AE0 /* CFNetwork.framework in Frameworks */,
				1DD706FE1566560800346AE0 /* MobileCoreServices.framework in Frameworks */,
				1DD707001566561A00346AE0 /* Security.framework in Frameworks */,
				1DD707021566562300346AE0 /* SystemConfiguration.framework in Frameworks */,
				1DD707041566562F00346AE0 /* libxml2.dylib in Frameworks */,
				1DCE0B09157D1CFE002A45DC /* ImageIO.framework in Frameworks */,
				FA42AC8B1E8E4ABCB2E13560 /* libPods.a in Frameworks */,
			);
			runOnlyForDeploymentPostprocessing = 0;
		};
		1D0956D11563A704008C69E3 /* Frameworks */ = {
			isa = PBXFrameworksBuildPhase;
			buildActionMask = 2147483647;
			files = (
				1D0956D71563A704008C69E3 /* SenTestingKit.framework in Frameworks */,
				1D0956D81563A704008C69E3 /* UIKit.framework in Frameworks */,
				1D0956D91563A704008C69E3 /* Foundation.framework in Frameworks */,
				1D051A2A156A4952007BFE40 /* CoreLocation.framework in Frameworks */,
			);
			runOnlyForDeploymentPostprocessing = 0;
		};
/* End PBXFrameworksBuildPhase section */

/* Begin PBXGroup section */
		1D051A21156A40E9007BFE40 /* test-helpers */ = {
			isa = PBXGroup;
			children = (
			);
			path = "test-helpers";
			sourceTree = "<group>";
		};
		1D0956A91563A704008C69E3 = {
			isa = PBXGroup;
			children = (
				1D0956BE1563A704008C69E3 /* UPC */,
				1D0956DC1563A704008C69E3 /* UPCTests */,
				1D0956B71563A704008C69E3 /* Frameworks */,
				1D0956B51563A704008C69E3 /* Products */,
				D077A348C25998D770069D33 /* Pods */,
			);
			sourceTree = "<group>";
		};
		1D0956B51563A704008C69E3 /* Products */ = {
			isa = PBXGroup;
			children = (
				1D0956B41563A704008C69E3 /* UPC.app */,
				1D0956D51563A704008C69E3 /* UPCTests.octest */,
			);
			name = Products;
			sourceTree = "<group>";
		};
		1D0956B71563A704008C69E3 /* Frameworks */ = {
			isa = PBXGroup;
			children = (
				1D0956B81563A704008C69E3 /* UIKit.framework */,
				1D0956BA1563A704008C69E3 /* Foundation.framework */,
				1D0956BC1563A704008C69E3 /* CoreGraphics.framework */,
				1D0956D61563A704008C69E3 /* SenTestingKit.framework */,
				1D0957391563B547008C69E3 /* MapKit.framework */,
				1D09575D156531A2008C69E3 /* CoreLocation.framework */,
				1DD706F9156655EF00346AE0 /* CFNetwork.framework */,
				1DD706FB156655FA00346AE0 /* CoreData.framework */,
				1DD706FD1566560800346AE0 /* MobileCoreServices.framework */,
				1DD706FF1566561A00346AE0 /* Security.framework */,
				1DD707011566562300346AE0 /* SystemConfiguration.framework */,
				1DD707031566562F00346AE0 /* libxml2.dylib */,
				1DD707051566580E00346AE0 /* QuartzCore.framework */,
				1DCE0B08157D1CFE002A45DC /* ImageIO.framework */,
				2C3D71F9A0084193A151C1EB /* libPods.a */,
			);
			name = Frameworks;
			sourceTree = "<group>";
		};
		1D0956BE1563A704008C69E3 /* UPC */ = {
			isa = PBXGroup;
			children = (
				1D0956F11563A805008C69E3 /* classes */,
				1D0956FA1563A813008C69E3 /* resources */,
				9AA8D8821806C78B00159AA3 /* Images.xcassets */,
				1D0956BF1563A704008C69E3 /* Supporting Files */,
			);
			path = UPC;
			sourceTree = "<group>";
		};
		1D0956BF1563A704008C69E3 /* Supporting Files */ = {
			isa = PBXGroup;
			children = (
				1D0956C01563A704008C69E3 /* UPC-Info.plist */,
				1D0956F01563A7B7008C69E3 /* InfoPlist.strings */,
				1D0956C41563A704008C69E3 /* main.m */,
				1D0956C61563A704008C69E3 /* UPC-Prefix.pch */,
			);
			name = "Supporting Files";
			sourceTree = "<group>";
		};
		1D0956DC1563A704008C69E3 /* UPCTests */ = {
			isa = PBXGroup;
			children = (
				1DD7077B15668F0200346AE0 /* classes */,
				1DD7077C15668F0900346AE0 /* resources */,
				1D0956DD1563A704008C69E3 /* Supporting Files */,
			);
			path = UPCTests;
			sourceTree = "<group>";
		};
		1D0956DD1563A704008C69E3 /* Supporting Files */ = {
			isa = PBXGroup;
			children = (
				1D0956DE1563A704008C69E3 /* UPCTests-Info.plist */,
				1DD7077E15668F5C00346AE0 /* InfoPlist.strings */,
			);
			name = "Supporting Files";
			sourceTree = "<group>";
		};
		1D0956F11563A805008C69E3 /* classes */ = {
			isa = PBXGroup;
			children = (
				1D0956F21563A805008C69E3 /* app-delegate */,
				1D0956F51563A805008C69E3 /* controllers */,
				1DD70777156688A700346AE0 /* helpers */,
				1DD707301566847C00346AE0 /* models */,
				1DCE0AFC157D0E9D002A45DC /* views */,
			);
			path = classes;
			sourceTree = "<group>";
		};
		1D0956F21563A805008C69E3 /* app-delegate */ = {
			isa = PBXGroup;
			children = (
				1D0956F31563A805008C69E3 /* UPCAppDelegate.h */,
				1D0956F41563A805008C69E3 /* UPCAppDelegate.m */,
			);
			path = "app-delegate";
			sourceTree = "<group>";
		};
		1D0956F51563A805008C69E3 /* controllers */ = {
			isa = PBXGroup;
			children = (
				1D7BA3651578DA26000189AB /* UPCBuildingViewController.h */,
				1D7BA3661578DA26000189AB /* UPCBuildingViewController.m */,
				1D7BA3161577B49B000189AB /* UPCLocalityViewController.h */,
				1D7BA3171577B49B000189AB /* UPCLocalityViewController.m */,
				1D09575615652F83008C69E3 /* UPCMapsViewController.h */,
				1D09575715652F84008C69E3 /* UPCMapsViewController.m */,
				1DCE0AF8157C9BD9002A45DC /* UPCQualificationsViewController.h */,
				1DCE0AF9157C9BDA002A45DC /* UPCQualificationsViewController.m */,
				1D0957471563E326008C69E3 /* UPCResponsiveWebViewController.h */,
				1D0957481563E326008C69E3 /* UPCResponsiveWebViewController.m */,
				1D90343415B960060072B3FB /* UPCSearchResultsSelectionViewController.h */,
				1D90343515B960060072B3FB /* UPCSearchResultsSelectionViewController.m */,
				1D7BA35C1577CC91000189AB /* UPCSearchResultsViewController.h */,
				1D7BA35D1577CC91000189AB /* UPCSearchResultsViewController.m */,
				1D7BA36B1578DBB6000189AB /* UPCStructuredDataViewController.h */,
				1D7BA36C1578DBB7000189AB /* UPCStructuredDataViewController.m */,
				1D7BA3681578DA46000189AB /* UPCUnitViewController.h */,
				1D7BA3691578DA47000189AB /* UPCUnitViewController.m */,
				1D0956F61563A805008C69E3 /* UPCViewController.h */,
				1D0956F71563A805008C69E3 /* UPCViewController.m */,
			);
			path = controllers;
			sourceTree = "<group>";
		};
		1D0956FA1563A813008C69E3 /* resources */ = {
			isa = PBXGroup;
			children = (
				1D0956FE1563AADB008C69E3 /* images */,
				1D0957091563AADB008C69E3 /* ios-images */,
				1D0956FB1563A813008C69E3 /* storyboard */,
			);
			path = resources;
			sourceTree = "<group>";
		};
		1D0956FB1563A813008C69E3 /* storyboard */ = {
			isa = PBXGroup;
			children = (
				1D0956FC1563A813008C69E3 /* MainStoryboard.storyboard */,
			);
			path = storyboard;
			sourceTree = "<group>";
		};
		1D0956FE1563AADB008C69E3 /* images */ = {
			isa = PBXGroup;
			children = (
				9A2D0E2F1828D7BD0040392A /* ico_biblioteques.png */,
				9A2D0E301828D7BD0040392A /* ico_upc_commons@2x.png */,
				9A2D0E311828D7BD0040392A /* ico_biblioteques@2x.png */,
				9A2D0E321828D7BD0040392A /* ico_upc_commons.png */,
				1D09574E1565027F008C69E3 /* button.back.png */,
				1D09574F15650280008C69E3 /* button.back@2x.png */,
				1D09575015650280008C69E3 /* button.forward.png */,
				1D09575115650280008C69E3 /* button.forward@2x.png */,
				1D0956FF1563AADB008C69E3 /* ico_atenea.png */,
				1D0957001563AADB008C69E3 /* ico_atenea@2x.png */,
				1D60A7F41B6B5D5300518AB4 /* ico_futur.png */,
				1D60A7F51B6B5D5300518AB4 /* ico_futur@2x.png */,
				1D0957011563AADB008C69E3 /* ico_graus.png */,
				1D0957021563AADB008C69E3 /* ico_graus@2x.png */,
				1D0957031563AADB008C69E3 /* ico_mapes.png */,
				1D0957041563AADB008C69E3 /* ico_mapes@2x.png */,
				1D0957051563AADB008C69E3 /* ico_masters.png */,
				1D0957061563AADB008C69E3 /* ico_masters@2x.png */,
				1DD6FA4515B57C0A00EAAF4B /* ico_mastersProfessionals.png */,
				1DD6FA4615B57C0A00EAAF4B /* ico_mastersProfessionals@2x.png */,
				1D0957071563AADB008C69E3 /* ico_videos.png */,
				1D0957081563AADB008C69E3 /* ico_videos@2x.png */,
				1D23710F157E45DF00C89B54 /* menu_fonsDegradat.png */,
				1D23716B157F40B500C89B54 /* menu_fonsDegradat@2x.png */,
				1D237110157E45DF00C89B54 /* menu_logoUPC.png */,
				1D23716C157F40B500C89B54 /* menu_logoUPC@2x.png */,
			);
			path = images;
			sourceTree = "<group>";
		};
		1D0957091563AADB008C69E3 /* ios-images */ = {
			isa = PBXGroup;
			children = (
				1D09570A1563AADB008C69E3 /* app-store-icon-1024x1024-precomposed.png */,
				1D09570B1563AADB008C69E3 /* app-store-icon-512x512-precomposed.png */,
				1D09570C1563AADB008C69E3 /* apple-touch-icon-114x114-precomposed.png */,
				1D09570E1563AADB008C69E3 /* apple-touch-icon-57x57-precomposed.png */,
				1D0957431563B796008C69E3 /* Default.png */,
				1D0957441563B796008C69E3 /* Default@2x.png */,
				1D0957141563AADB008C69E3 /* spotlight_100x100.png */,
				1D0957151563AADB008C69E3 /* spotlight_29x29.png */,
				1D0957161563AADB008C69E3 /* spotlight_50x50.png */,
				1D0957171563AADB008C69E3 /* spotlight_58x58.png */,
			);
			path = "ios-images";
			sourceTree = "<group>";
		};
		1DCE0AFC157D0E9D002A45DC /* views */ = {
			isa = PBXGroup;
			children = (
				1DCE0AFD157D0EF1002A45DC /* UPCAddressVideoCell.h */,
				1DCE0AFE157D0EF1002A45DC /* UPCAddressVideoCell.m */,
				1D90343715B968620072B3FB /* UPCSearchResultSelectionCell.h */,
				1D90343815B968620072B3FB /* UPCSearchResultSelectionCell.m */,
			);
			path = views;
			sourceTree = "<group>";
		};
		1DD707301566847C00346AE0 /* models */ = {
			isa = PBXGroup;
			children = (
				1D7BA3111577AA2A000189AB /* UPCBuilding.h */,
				1D7BA3121577AA2B000189AB /* UPCBuilding.m */,
				1D7BA2FE157783EB000189AB /* UPCCenter.h */,
				1D7BA2FF157783EB000189AB /* UPCCenter.m */,
				1D7BA2FA157781E8000189AB /* UPCLocality.h */,
				1D7BA2FB157781E8000189AB /* UPCLocality.m */,
				1D7BA30A15779FF2000189AB /* UPCQualifications.h */,
				1D7BA30B15779FF2000189AB /* UPCQualifications.m */,
				1DD707311566851A00346AE0 /* UPCSearchResult.h */,
				1DD707321566851A00346AE0 /* UPCSearchResult.m */,
				1D051A2F156A6323007BFE40 /* UPCSearchResultGroup.h */,
				1D051A30156A6323007BFE40 /* UPCSearchResultGroup.m */,
				1D7BA30515778EEC000189AB /* UPCUnit.h */,
				1D7BA30615778EEC000189AB /* UPCUnit.m */,
			);
			path = models;
			sourceTree = "<group>";
		};
		1DD70777156688A700346AE0 /* helpers */ = {
			isa = PBXGroup;
			children = (
				1D051A1D156A4078007BFE40 /* NSArray+SearchResultsGrouping.h */,
				1D051A1E156A4078007BFE40 /* NSArray+SearchResultsGrouping.m */,
				1D90343A15B971E80072B3FB /* UISwitch+SearchResultIndex.h */,
				1D90343B15B971E80072B3FB /* UISwitch+SearchResultIndex.m */,
				1DE870E51579191400A1EA7F /* UPCLocalizedCurrentLocation.h */,
				1DE870E61579191400A1EA7F /* UPCLocalizedCurrentLocation.m */,
				1DD707781566890B00346AE0 /* UPCRestKitConfigurator.h */,
				1DD707791566890B00346AE0 /* UPCRestKitConfigurator.m */,
			);
			path = helpers;
			sourceTree = "<group>";
		};
		1DD7077B15668F0200346AE0 /* classes */ = {
			isa = PBXGroup;
			children = (
				1D051A21156A40E9007BFE40 /* test-helpers */,
				1DD707831566934900346AE0 /* helpers */,
				1DD707821566932800346AE0 /* mappings */,
			);
			path = classes;
			sourceTree = "<group>";
		};
		1DD7077C15668F0900346AE0 /* resources */ = {
			isa = PBXGroup;
			children = (
				1DD7077F15668F7C00346AE0 /* fixtures */,
			);
			path = resources;
			sourceTree = "<group>";
		};
		1DD7077F15668F7C00346AE0 /* fixtures */ = {
			isa = PBXGroup;
			children = (
				1D7BA30F1577AA03000189AB /* building.json */,
				1D7BA30315778770000189AB /* localities.json */,
				1DD7078015668FA300346AE0 /* searchResult.json */,
				1D7BA30815779F7D000189AB /* unit.json */,
			);
			path = fixtures;
			sourceTree = "<group>";
		};
		1DD707821566932800346AE0 /* mappings */ = {
			isa = PBXGroup;
			children = (
			);
			path = mappings;
			sourceTree = "<group>";
		};
		1DD707831566934900346AE0 /* helpers */ = {
			isa = PBXGroup;
			children = (
			);
			path = helpers;
			sourceTree = "<group>";
		};
		D077A348C25998D770069D33 /* Pods */ = {
			isa = PBXGroup;
			children = (
				5C7BC11405171AF31C6033AF /* Pods.debug.xcconfig */,
				43CC6CE3AB3C42D0F9986B45 /* Pods.release.xcconfig */,
			);
			name = Pods;
			sourceTree = "<group>";
		};
/* End PBXGroup section */

/* Begin PBXNativeTarget section */
		1D0956B31563A704008C69E3 /* UPC */ = {
			isa = PBXNativeTarget;
			buildConfigurationList = 1D0956E71563A704008C69E3 /* Build configuration list for PBXNativeTarget "UPC" */;
			buildPhases = (
				C4C75C19421B461AB1D0F289 /* Check Pods Manifest.lock */,
				1D0956B01563A704008C69E3 /* Sources */,
				1D0956B11563A704008C69E3 /* Frameworks */,
				1D0956B21563A704008C69E3 /* Resources */,
				76964C9B4D7749DCB6D2A70B /* Copy Pods Resources */,
			);
			buildRules = (
			);
			dependencies = (
			);
			name = UPC;
			productName = UPC;
			productReference = 1D0956B41563A704008C69E3 /* UPC.app */;
			productType = "com.apple.product-type.application";
		};
		1D0956D41563A704008C69E3 /* UPCTests */ = {
			isa = PBXNativeTarget;
			buildConfigurationList = 1D0956EA1563A704008C69E3 /* Build configuration list for PBXNativeTarget "UPCTests" */;
			buildPhases = (
				1D0956D01563A704008C69E3 /* Sources */,
				1D0956D11563A704008C69E3 /* Frameworks */,
				1D0956D21563A704008C69E3 /* Resources */,
				1D0956D31563A704008C69E3 /* ShellScript */,
			);
			buildRules = (
			);
			dependencies = (
				1D0956DB1563A704008C69E3 /* PBXTargetDependency */,
			);
			name = UPCTests;
			productName = UPCTests;
			productReference = 1D0956D51563A704008C69E3 /* UPCTests.octest */;
			productType = "com.apple.product-type.bundle.ocunit-test";
		};
/* End PBXNativeTarget section */

/* Begin PBXProject section */
		1D0956AB1563A704008C69E3 /* Project object */ = {
			isa = PBXProject;
			attributes = {
				CLASSPREFIX = UPC;
				LastUpgradeCheck = 0430;
				ORGANIZATIONNAME = "Universitat Politècnica de Catalunya";
				TargetAttributes = {
					1D0956B31563A704008C69E3 = {
						DevelopmentTeam = 2QN5CNK73Y;
					};
				};
			};
			buildConfigurationList = 1D0956AE1563A704008C69E3 /* Build configuration list for PBXProject "UPC" */;
			compatibilityVersion = "Xcode 3.2";
			developmentRegion = English;
			hasScannedForEncodings = 0;
			knownRegions = (
				en,
			);
			mainGroup = 1D0956A91563A704008C69E3;
			productRefGroup = 1D0956B51563A704008C69E3 /* Products */;
			projectDirPath = "";
			projectRoot = "";
			targets = (
				1D0956B31563A704008C69E3 /* UPC */,
				1D0956D41563A704008C69E3 /* UPCTests */,
			);
		};
/* End PBXProject section */

/* Begin PBXResourcesBuildPhase section */
		1D0956B21563A704008C69E3 /* Resources */ = {
			isa = PBXResourcesBuildPhase;
			buildActionMask = 2147483647;
			files = (
				1D0956EF1563A7B7008C69E3 /* InfoPlist.strings in Resources */,
				9A2D0E361828D7BD0040392A /* ico_upc_commons.png in Resources */,
				1D0956FD1563A813008C69E3 /* MainStoryboard.storyboard in Resources */,
				1D0957181563AADB008C69E3 /* ico_atenea.png in Resources */,
				1D0957191563AADB008C69E3 /* ico_atenea@2x.png in Resources */,
				1D09571A1563AADB008C69E3 /* ico_graus.png in Resources */,
				9A2D0E331828D7BD0040392A /* ico_biblioteques.png in Resources */,
				9A2D0E351828D7BD0040392A /* ico_biblioteques@2x.png in Resources */,
				1D09571B1563AADB008C69E3 /* ico_graus@2x.png in Resources */,
				1D09571C1563AADB008C69E3 /* ico_mapes.png in Resources */,
				1D09571D1563AADB008C69E3 /* ico_mapes@2x.png in Resources */,
				1D09571E1563AADB008C69E3 /* ico_masters.png in Resources */,
				1D09571F1563AADB008C69E3 /* ico_masters@2x.png in Resources */,
				1D0957201563AADB008C69E3 /* ico_videos.png in Resources */,
				1D0957211563AADB008C69E3 /* ico_videos@2x.png in Resources */,
				1D0957221563AADB008C69E3 /* app-store-icon-1024x1024-precomposed.png in Resources */,
				1D0957231563AADB008C69E3 /* app-store-icon-512x512-precomposed.png in Resources */,
				1D0957241563AADB008C69E3 /* apple-touch-icon-114x114-precomposed.png in Resources */,
				9AA8D8831806C78B00159AA3 /* Images.xcassets in Resources */,
				1D0957261563AADB008C69E3 /* apple-touch-icon-57x57-precomposed.png in Resources */,
				1D09572C1563AADB008C69E3 /* spotlight_100x100.png in Resources */,
				1D09572D1563AADB008C69E3 /* spotlight_29x29.png in Resources */,
				1D09572E1563AADB008C69E3 /* spotlight_50x50.png in Resources */,
				1D09572F1563AADB008C69E3 /* spotlight_58x58.png in Resources */,
				1D0957451563B796008C69E3 /* Default.png in Resources */,
				1D0957461563B796008C69E3 /* Default@2x.png in Resources */,
				1D09575215650280008C69E3 /* button.back.png in Resources */,
				9A2D0E341828D7BD0040392A /* ico_upc_commons@2x.png in Resources */,
				1D09575315650280008C69E3 /* button.back@2x.png in Resources */,
				1D09575415650280008C69E3 /* button.forward.png in Resources */,
				1D09575515650280008C69E3 /* button.forward@2x.png in Resources */,
				1D60A7F71B6B5D5300518AB4 /* ico_futur@2x.png in Resources */,
				1D237111157E45DF00C89B54 /* menu_fonsDegradat.png in Resources */,
				1D237112157E45DF00C89B54 /* menu_logoUPC.png in Resources */,
				1D23716D157F40B500C89B54 /* menu_fonsDegradat@2x.png in Resources */,
				1D60A7F61B6B5D5300518AB4 /* ico_futur.png in Resources */,
				1D23716E157F40B500C89B54 /* menu_logoUPC@2x.png in Resources */,
				1DD6FA4715B57C0A00EAAF4B /* ico_mastersProfessionals.png in Resources */,
				1DD6FA4815B57C0A00EAAF4B /* ico_mastersProfessionals@2x.png in Resources */,
			);
			runOnlyForDeploymentPostprocessing = 0;
		};
		1D0956D21563A704008C69E3 /* Resources */ = {
			isa = PBXResourcesBuildPhase;
			buildActionMask = 2147483647;
			files = (
				1DD7077D15668F5C00346AE0 /* InfoPlist.strings in Resources */,
				1DD7078115668FA300346AE0 /* searchResult.json in Resources */,
				1D7BA30415778770000189AB /* localities.json in Resources */,
				1D7BA30915779F7D000189AB /* unit.json in Resources */,
				1D7BA3101577AA03000189AB /* building.json in Resources */,
			);
			runOnlyForDeploymentPostprocessing = 0;
		};
/* End PBXResourcesBuildPhase section */

/* Begin PBXShellScriptBuildPhase section */
		1D0956D31563A704008C69E3 /* ShellScript */ = {
			isa = PBXShellScriptBuildPhase;
			buildActionMask = 2147483647;
			files = (
			);
			inputPaths = (
			);
			outputPaths = (
			);
			runOnlyForDeploymentPostprocessing = 0;
			shellPath = /bin/sh;
			shellScript = "# Run the unit tests in this test bundle.\n\"${SYSTEM_DEVELOPER_DIR}/Tools/RunUnitTests\"\n";
		};
		76964C9B4D7749DCB6D2A70B /* Copy Pods Resources */ = {
			isa = PBXShellScriptBuildPhase;
			buildActionMask = 2147483647;
			files = (
			);
			inputPaths = (
			);
			name = "Copy Pods Resources";
			outputPaths = (
			);
			runOnlyForDeploymentPostprocessing = 0;
			shellPath = /bin/sh;
			shellScript = "\"${SRCROOT}/../Pods/Target Support Files/Pods/Pods-resources.sh\"\n";
			showEnvVarsInLog = 0;
		};
		C4C75C19421B461AB1D0F289 /* Check Pods Manifest.lock */ = {
			isa = PBXShellScriptBuildPhase;
			buildActionMask = 2147483647;
			files = (
			);
			inputPaths = (
			);
			name = "Check Pods Manifest.lock";
			outputPaths = (
			);
			runOnlyForDeploymentPostprocessing = 0;
			shellPath = /bin/sh;
			shellScript = "diff \"${PODS_ROOT}/../Podfile.lock\" \"${PODS_ROOT}/Manifest.lock\" > /dev/null\nif [[ $? != 0 ]] ; then\n    cat << EOM\nerror: The sandbox is not in sync with the Podfile.lock. Run 'pod install' or update your CocoaPods installation.\nEOM\n    exit 1\nfi\n";
			showEnvVarsInLog = 0;
		};
/* End PBXShellScriptBuildPhase section */

/* Begin PBXSourcesBuildPhase section */
		1D0956B01563A704008C69E3 /* Sources */ = {
			isa = PBXSourcesBuildPhase;
			buildActionMask = 2147483647;
			files = (
				1D0956C51563A704008C69E3 /* main.m in Sources */,
				1D0956F81563A805008C69E3 /* UPCAppDelegate.m in Sources */,
				1D0956F91563A805008C69E3 /* UPCViewController.m in Sources */,
				1D0957491563E326008C69E3 /* UPCResponsiveWebViewController.m in Sources */,
				1D09575815652F84008C69E3 /* UPCMapsViewController.m in Sources */,
				1DD707331566851A00346AE0 /* UPCSearchResult.m in Sources */,
				1DD7077A1566890B00346AE0 /* UPCRestKitConfigurator.m in Sources */,
				1D051A1F156A4078007BFE40 /* NSArray+SearchResultsGrouping.m in Sources */,
				1D051A31156A6323007BFE40 /* UPCSearchResultGroup.m in Sources */,
				1D7BA2FC157781E8000189AB /* UPCLocality.m in Sources */,
				1D7BA300157783EB000189AB /* UPCCenter.m in Sources */,
				1D7BA30715778EEC000189AB /* UPCUnit.m in Sources */,
				1D7BA30C15779FF2000189AB /* UPCQualifications.m in Sources */,
				1D7BA3131577AA2B000189AB /* UPCBuilding.m in Sources */,
				1D7BA3181577B49B000189AB /* UPCLocalityViewController.m in Sources */,
				1D7BA35E1577CC92000189AB /* UPCSearchResultsViewController.m in Sources */,
				1D7BA3671578DA27000189AB /* UPCBuildingViewController.m in Sources */,
				1D7BA36A1578DA47000189AB /* UPCUnitViewController.m in Sources */,
				1D7BA36D1578DBB8000189AB /* UPCStructuredDataViewController.m in Sources */,
				1DE870E71579191400A1EA7F /* UPCLocalizedCurrentLocation.m in Sources */,
				1DCE0AFA157C9BDA002A45DC /* UPCQualificationsViewController.m in Sources */,
				1DCE0AFF157D0EF1002A45DC /* UPCAddressVideoCell.m in Sources */,
				1D90343615B960060072B3FB /* UPCSearchResultsSelectionViewController.m in Sources */,
				1D90343915B968620072B3FB /* UPCSearchResultSelectionCell.m in Sources */,
				1D90343C15B971E80072B3FB /* UISwitch+SearchResultIndex.m in Sources */,
			);
			runOnlyForDeploymentPostprocessing = 0;
		};
		1D0956D01563A704008C69E3 /* Sources */ = {
			isa = PBXSourcesBuildPhase;
			buildActionMask = 2147483647;
			files = (
			);
			runOnlyForDeploymentPostprocessing = 0;
		};
/* End PBXSourcesBuildPhase section */

/* Begin PBXTargetDependency section */
		1D0956DB1563A704008C69E3 /* PBXTargetDependency */ = {
			isa = PBXTargetDependency;
			target = 1D0956B31563A704008C69E3 /* UPC */;
			targetProxy = 1D0956DA1563A704008C69E3 /* PBXContainerItemProxy */;
		};
/* End PBXTargetDependency section */

/* Begin XCBuildConfiguration section */
		1D0956E51563A704008C69E3 /* Debug */ = {
			isa = XCBuildConfiguration;
			buildSettings = {
				ALWAYS_SEARCH_USER_PATHS = NO;
				ARCHS = "$(ARCHS_STANDARD_INCLUDING_64_BIT)";
				CLANG_ENABLE_OBJC_ARC = YES;
				"CODE_SIGN_IDENTITY[sdk=iphoneos*]" = "iPhone Developer";
				COPY_PHASE_STRIP = NO;
				GCC_C_LANGUAGE_STANDARD = gnu99;
				GCC_DYNAMIC_NO_PIC = NO;
				GCC_OPTIMIZATION_LEVEL = 0;
				GCC_PREPROCESSOR_DEFINITIONS = (
					"DEBUG=1",
					"$(inherited)",
				);
				GCC_SYMBOLS_PRIVATE_EXTERN = NO;
				GCC_VERSION = com.apple.compilers.llvm.clang.1_0;
				GCC_WARN_ABOUT_RETURN_TYPE = YES;
				GCC_WARN_UNINITIALIZED_AUTOS = YES;
				GCC_WARN_UNUSED_VARIABLE = YES;
				IPHONEOS_DEPLOYMENT_TARGET = 6.0;
				SDKROOT = iphoneos;
			};
			name = Debug;
		};
		1D0956E61563A704008C69E3 /* Release */ = {
			isa = XCBuildConfiguration;
			buildSettings = {
				ALWAYS_SEARCH_USER_PATHS = NO;
				ARCHS = "$(ARCHS_STANDARD_INCLUDING_64_BIT)";
				CLANG_ENABLE_OBJC_ARC = YES;
				"CODE_SIGN_IDENTITY[sdk=iphoneos*]" = "iPhone Developer";
				COPY_PHASE_STRIP = YES;
				GCC_C_LANGUAGE_STANDARD = gnu99;
				GCC_VERSION = com.apple.compilers.llvm.clang.1_0;
				GCC_WARN_ABOUT_RETURN_TYPE = YES;
				GCC_WARN_UNINITIALIZED_AUTOS = YES;
				GCC_WARN_UNUSED_VARIABLE = YES;
				IPHONEOS_DEPLOYMENT_TARGET = 6.0;
				OTHER_CFLAGS = "-DNS_BLOCK_ASSERTIONS=1";
				SDKROOT = iphoneos;
				VALIDATE_PRODUCT = YES;
			};
			name = Release;
		};
		1D0956E81563A704008C69E3 /* Debug */ = {
			isa = XCBuildConfiguration;
			baseConfigurationReference = 5C7BC11405171AF31C6033AF /* Pods.debug.xcconfig */;
			buildSettings = {
				ALWAYS_SEARCH_USER_PATHS = YES;
				ARCHS = "$(ARCHS_STANDARD)";
				ASSETCATALOG_COMPILER_APPICON_NAME = AppIcon;
				ASSETCATALOG_COMPILER_LAUNCHIMAGE_NAME = LaunchImage;
				CODE_SIGN_IDENTITY = "iPhone Developer: Carlos Balot (4SY2AJKN5F)";
				"CODE_SIGN_IDENTITY[sdk=iphoneos*]" = "iPhone Developer: Carlos Balot (4SY2AJKN5F)";
				GCC_PRECOMPILE_PREFIX_HEADER = YES;
				GCC_PREFIX_HEADER = "UPC/UPC-Prefix.pch";
				INFOPLIST_FILE = "UPC/UPC-Info.plist";
				IPHONEOS_DEPLOYMENT_TARGET = 6.0;
				ONLY_ACTIVE_ARCH = YES;
				PRODUCT_NAME = "$(TARGET_NAME)";
				PROVISIONING_PROFILE = "";
				VALID_ARCHS = "armv7 armv7s arm64";
				WRAPPER_EXTENSION = app;
			};
			name = Debug;
		};
		1D0956E91563A704008C69E3 /* Release */ = {
			isa = XCBuildConfiguration;
			baseConfigurationReference = 43CC6CE3AB3C42D0F9986B45 /* Pods.release.xcconfig */;
			buildSettings = {
				ALWAYS_SEARCH_USER_PATHS = YES;
				ARCHS = "$(ARCHS_STANDARD)";
				ASSETCATALOG_COMPILER_APPICON_NAME = AppIcon;
				ASSETCATALOG_COMPILER_LAUNCHIMAGE_NAME = LaunchImage;
				CODE_SIGN_IDENTITY = "iPhone Distribution: UPCnet Serveis D'Access a Internet de la Universitat Politecnica de Catalunya, SL. (2QN5CNK73Y)";
				GCC_PRECOMPILE_PREFIX_HEADER = YES;
				GCC_PREFIX_HEADER = "UPC/UPC-Prefix.pch";
				INFOPLIST_FILE = "UPC/UPC-Info.plist";
				IPHONEOS_DEPLOYMENT_TARGET = 6.0;
				PRODUCT_NAME = "$(TARGET_NAME)";
				PROVISIONING_PROFILE = "";
				"PROVISIONING_PROFILE[sdk=iphoneos*]" = "73e24b11-623a-4f49-a13d-51df5d736049";
				VALID_ARCHS = "armv7 armv7s arm64";
				WRAPPER_EXTENSION = app;
			};
			name = Release;
		};
		1D0956EB1563A704008C69E3 /* Debug */ = {
			isa = XCBuildConfiguration;
			buildSettings = {
				BUNDLE_LOADER = "$(BUILT_PRODUCTS_DIR)/UPC.app/UPC";
				FRAMEWORK_SEARCH_PATHS = (
					"$(SDKROOT)/Developer/Library/Frameworks",
					"$(DEVELOPER_LIBRARY_DIR)/Frameworks",
				);
				GCC_PRECOMPILE_PREFIX_HEADER = YES;
				GCC_PREFIX_HEADER = "UPC/UPC-Prefix.pch";
				INFOPLIST_FILE = "UPCTests/UPCTests-Info.plist";
				OTHER_LDFLAGS = "-all_load";
				PRODUCT_NAME = "$(TARGET_NAME)";
				TEST_HOST = "$(BUNDLE_LOADER)";
				USER_HEADER_SEARCH_PATHS = "$(SOURCE_ROOT)/../Kiwi/Kiwi/** $(BUILT_PRODUCTS_DIR)/../../Headers";
				WRAPPER_EXTENSION = octest;
			};
			name = Debug;
		};
		1D0956EC1563A704008C69E3 /* Release */ = {
			isa = XCBuildConfiguration;
			buildSettings = {
				BUNDLE_LOADER = "$(BUILT_PRODUCTS_DIR)/UPC.app/UPC";
				FRAMEWORK_SEARCH_PATHS = (
					"$(SDKROOT)/Developer/Library/Frameworks",
					"$(DEVELOPER_LIBRARY_DIR)/Frameworks",
				);
				GCC_PRECOMPILE_PREFIX_HEADER = YES;
				GCC_PREFIX_HEADER = "UPC/UPC-Prefix.pch";
				INFOPLIST_FILE = "UPCTests/UPCTests-Info.plist";
				OTHER_LDFLAGS = "-all_load";
				PRODUCT_NAME = "$(TARGET_NAME)";
				TEST_HOST = "$(BUNDLE_LOADER)";
				USER_HEADER_SEARCH_PATHS = "$(SOURCE_ROOT)/../Kiwi/Kiwi/** $(BUILT_PRODUCTS_DIR)/../../Headers";
				WRAPPER_EXTENSION = octest;
			};
			name = Release;
		};
/* End XCBuildConfiguration section */

/* Begin XCConfigurationList section */
		1D0956AE1563A704008C69E3 /* Build configuration list for PBXProject "UPC" */ = {
			isa = XCConfigurationList;
			buildConfigurations = (
				1D0956E51563A704008C69E3 /* Debug */,
				1D0956E61563A704008C69E3 /* Release */,
			);
			defaultConfigurationIsVisible = 0;
			defaultConfigurationName = Release;
		};
		1D0956E71563A704008C69E3 /* Build configuration list for PBXNativeTarget "UPC" */ = {
			isa = XCConfigurationList;
			buildConfigurations = (
				1D0956E81563A704008C69E3 /* Debug */,
				1D0956E91563A704008C69E3 /* Release */,
			);
			defaultConfigurationIsVisible = 0;
			defaultConfigurationName = Release;
		};
		1D0956EA1563A704008C69E3 /* Build configuration list for PBXNativeTarget "UPCTests" */ = {
			isa = XCConfigurationList;
			buildConfigurations = (
				1D0956EB1563A704008C69E3 /* Debug */,
				1D0956EC1563A704008C69E3 /* Release */,
			);
			defaultConfigurationIsVisible = 0;
			defaultConfigurationName = Release;
		};
/* End XCConfigurationList section */
	};
	rootObject = 1D0956AB1563A704008C69E3 /* Project object */;
}
