// !$*UTF8*$!
{
	archiveVersion = 1;
	classes = {
	};
	objectVersion = 46;
	objects = {

/* Begin PBXBuildFile section */
		1D051A1F156A4078007BFE40 /* NSArray+SearchResultsGrouping.m in Sources */ = {isa = PBXBuildFile; fileRef = 1D051A1E156A4078007BFE40 /* NSArray+SearchResultsGrouping.m */; };
		1D051A26156A4138007BFE40 /* NSString+TestAdditions.m in Sources */ = {isa = PBXBuildFile; fileRef = 1D051A23156A4138007BFE40 /* NSString+TestAdditions.m */; };
		1D051A27156A4138007BFE40 /* RKJSONParserJSONKit+TestAdditions.m in Sources */ = {isa = PBXBuildFile; fileRef = 1D051A25156A4138007BFE40 /* RKJSONParserJSONKit+TestAdditions.m */; };
		1D051A29156A415D007BFE40 /* SearchResultsGroupingSpec.m in Sources */ = {isa = PBXBuildFile; fileRef = 1D051A28156A415D007BFE40 /* SearchResultsGroupingSpec.m */; };
		1D051A2A156A4952007BFE40 /* CoreLocation.framework in Frameworks */ = {isa = PBXBuildFile; fileRef = 1D09575D156531A2008C69E3 /* CoreLocation.framework */; };
		1D051A31156A6323007BFE40 /* UPCSearchResultGroup.m in Sources */ = {isa = PBXBuildFile; fileRef = 1D051A30156A6323007BFE40 /* UPCSearchResultGroup.m */; };
		1D0956B91563A704008C69E3 /* UIKit.framework in Frameworks */ = {isa = PBXBuildFile; fileRef = 1D0956B81563A704008C69E3 /* UIKit.framework */; };
		1D0956BB1563A704008C69E3 /* Foundation.framework in Frameworks */ = {isa = PBXBuildFile; fileRef = 1D0956BA1563A704008C69E3 /* Foundation.framework */; };
		1D0956BD1563A704008C69E3 /* CoreGraphics.framework in Frameworks */ = {isa = PBXBuildFile; fileRef = 1D0956BC1563A704008C69E3 /* CoreGraphics.framework */; };
		1D0956C51563A704008C69E3 /* main.m in Sources */ = {isa = PBXBuildFile; fileRef = 1D0956C41563A704008C69E3 /* main.m */; };
		1D0956D71563A704008C69E3 /* SenTestingKit.framework in Frameworks */ = {isa = PBXBuildFile; fileRef = 1D0956D61563A704008C69E3 /* SenTestingKit.framework */; };
		1D0956D81563A704008C69E3 /* UIKit.framework in Frameworks */ = {isa = PBXBuildFile; fileRef = 1D0956B81563A704008C69E3 /* UIKit.framework */; };
		1D0956D91563A704008C69E3 /* Foundation.framework in Frameworks */ = {isa = PBXBuildFile; fileRef = 1D0956BA1563A704008C69E3 /* Foundation.framework */; };
		1D0956EF1563A7B7008C69E3 /* InfoPlist.strings in Resources */ = {isa = PBXBuildFile; fileRef = 1D0956F01563A7B7008C69E3 /* InfoPlist.strings */; };
		1D0956F81563A805008C69E3 /* UPCAppDelegate.m in Sources */ = {isa = PBXBuildFile; fileRef = 1D0956F41563A805008C69E3 /* UPCAppDelegate.m */; };
		1D0956F91563A805008C69E3 /* UPCViewController.m in Sources */ = {isa = PBXBuildFile; fileRef = 1D0956F71563A805008C69E3 /* UPCViewController.m */; };
		1D0956FD1563A813008C69E3 /* MainStoryboard.storyboard in Resources */ = {isa = PBXBuildFile; fileRef = 1D0956FC1563A813008C69E3 /* MainStoryboard.storyboard */; };
		1D0957181563AADB008C69E3 /* ico_atenea.png in Resources */ = {isa = PBXBuildFile; fileRef = 1D0956FF1563AADB008C69E3 /* ico_atenea.png */; };
		1D0957191563AADB008C69E3 /* ico_atenea@2x.png in Resources */ = {isa = PBXBuildFile; fileRef = 1D0957001563AADB008C69E3 /* ico_atenea@2x.png */; };
		1D09571A1563AADB008C69E3 /* ico_graus.png in Resources */ = {isa = PBXBuildFile; fileRef = 1D0957011563AADB008C69E3 /* ico_graus.png */; };
		1D09571B1563AADB008C69E3 /* ico_graus@2x.png in Resources */ = {isa = PBXBuildFile; fileRef = 1D0957021563AADB008C69E3 /* ico_graus@2x.png */; };
		1D09571C1563AADB008C69E3 /* ico_mapes.png in Resources */ = {isa = PBXBuildFile; fileRef = 1D0957031563AADB008C69E3 /* ico_mapes.png */; };
		1D09571D1563AADB008C69E3 /* ico_mapes@2x.png in Resources */ = {isa = PBXBuildFile; fileRef = 1D0957041563AADB008C69E3 /* ico_mapes@2x.png */; };
		1D09571E1563AADB008C69E3 /* ico_masters.png in Resources */ = {isa = PBXBuildFile; fileRef = 1D0957051563AADB008C69E3 /* ico_masters.png */; };
		1D09571F1563AADB008C69E3 /* ico_masters@2x.png in Resources */ = {isa = PBXBuildFile; fileRef = 1D0957061563AADB008C69E3 /* ico_masters@2x.png */; };
		1D0957201563AADB008C69E3 /* ico_videos.png in Resources */ = {isa = PBXBuildFile; fileRef = 1D0957071563AADB008C69E3 /* ico_videos.png */; };
		1D0957211563AADB008C69E3 /* ico_videos@2x.png in Resources */ = {isa = PBXBuildFile; fileRef = 1D0957081563AADB008C69E3 /* ico_videos@2x.png */; };
		1D0957221563AADB008C69E3 /* app-store-icon-1024x1024-precomposed.png in Resources */ = {isa = PBXBuildFile; fileRef = 1D09570A1563AADB008C69E3 /* app-store-icon-1024x1024-precomposed.png */; };
		1D0957231563AADB008C69E3 /* app-store-icon-512x512-precomposed.png in Resources */ = {isa = PBXBuildFile; fileRef = 1D09570B1563AADB008C69E3 /* app-store-icon-512x512-precomposed.png */; };
		1D0957241563AADB008C69E3 /* apple-touch-icon-114x114-precomposed.png in Resources */ = {isa = PBXBuildFile; fileRef = 1D09570C1563AADB008C69E3 /* apple-touch-icon-114x114-precomposed.png */; };
		1D0957261563AADB008C69E3 /* apple-touch-icon-57x57-precomposed.png in Resources */ = {isa = PBXBuildFile; fileRef = 1D09570E1563AADB008C69E3 /* apple-touch-icon-57x57-precomposed.png */; };
		1D09572C1563AADB008C69E3 /* spotlight_100x100.png in Resources */ = {isa = PBXBuildFile; fileRef = 1D0957141563AADB008C69E3 /* spotlight_100x100.png */; };
		1D09572D1563AADB008C69E3 /* spotlight_29x29.png in Resources */ = {isa = PBXBuildFile; fileRef = 1D0957151563AADB008C69E3 /* spotlight_29x29.png */; };
		1D09572E1563AADB008C69E3 /* spotlight_50x50.png in Resources */ = {isa = PBXBuildFile; fileRef = 1D0957161563AADB008C69E3 /* spotlight_50x50.png */; };
		1D09572F1563AADB008C69E3 /* spotlight_58x58.png in Resources */ = {isa = PBXBuildFile; fileRef = 1D0957171563AADB008C69E3 /* spotlight_58x58.png */; };
		1D09573A1563B547008C69E3 /* MapKit.framework in Frameworks */ = {isa = PBXBuildFile; fileRef = 1D0957391563B547008C69E3 /* MapKit.framework */; };
		1D0957451563B796008C69E3 /* Default.png in Resources */ = {isa = PBXBuildFile; fileRef = 1D0957431563B796008C69E3 /* Default.png */; };
		1D0957461563B796008C69E3 /* Default@2x.png in Resources */ = {isa = PBXBuildFile; fileRef = 1D0957441563B796008C69E3 /* Default@2x.png */; };
		1D0957491563E326008C69E3 /* UPCResponsiveWebViewController.m in Sources */ = {isa = PBXBuildFile; fileRef = 1D0957481563E326008C69E3 /* UPCResponsiveWebViewController.m */; };
		1D09575215650280008C69E3 /* button.back.png in Resources */ = {isa = PBXBuildFile; fileRef = 1D09574E1565027F008C69E3 /* button.back.png */; };
		1D09575315650280008C69E3 /* button.back@2x.png in Resources */ = {isa = PBXBuildFile; fileRef = 1D09574F15650280008C69E3 /* button.back@2x.png */; };
		1D09575415650280008C69E3 /* button.forward.png in Resources */ = {isa = PBXBuildFile; fileRef = 1D09575015650280008C69E3 /* button.forward.png */; };
		1D09575515650280008C69E3 /* button.forward@2x.png in Resources */ = {isa = PBXBuildFile; fileRef = 1D09575115650280008C69E3 /* button.forward@2x.png */; };
		1D09575815652F84008C69E3 /* UPCMapsViewController.m in Sources */ = {isa = PBXBuildFile; fileRef = 1D09575715652F84008C69E3 /* UPCMapsViewController.m */; };
		1D09575E156531A2008C69E3 /* CoreLocation.framework in Frameworks */ = {isa = PBXBuildFile; fileRef = 1D09575D156531A2008C69E3 /* CoreLocation.framework */; };
		1D7BA2FC157781E8000189AB /* UPCCampus.m in Sources */ = {isa = PBXBuildFile; fileRef = 1D7BA2FB157781E8000189AB /* UPCCampus.m */; };
		1D7BA300157783EB000189AB /* UPCCenter.m in Sources */ = {isa = PBXBuildFile; fileRef = 1D7BA2FF157783EB000189AB /* UPCCenter.m */; };
		1D7BA30215778695000189AB /* UPCCampusMappingSpec.m in Sources */ = {isa = PBXBuildFile; fileRef = 1D7BA30115778695000189AB /* UPCCampusMappingSpec.m */; };
		1D7BA30415778770000189AB /* campuses.json in Resources */ = {isa = PBXBuildFile; fileRef = 1D7BA30315778770000189AB /* campuses.json */; };
		1D7BA30715778EEC000189AB /* UPCUnit.m in Sources */ = {isa = PBXBuildFile; fileRef = 1D7BA30615778EEC000189AB /* UPCUnit.m */; };
		1D7BA30915779F7D000189AB /* unit.json in Resources */ = {isa = PBXBuildFile; fileRef = 1D7BA30815779F7D000189AB /* unit.json */; };
		1D7BA30C15779FF2000189AB /* UPCQualifications.m in Sources */ = {isa = PBXBuildFile; fileRef = 1D7BA30B15779FF2000189AB /* UPCQualifications.m */; };
		1D7BA30E1577A44B000189AB /* UPCUnitMappingSpec.m in Sources */ = {isa = PBXBuildFile; fileRef = 1D7BA30D1577A44B000189AB /* UPCUnitMappingSpec.m */; };
		1D7BA3101577AA03000189AB /* building.json in Resources */ = {isa = PBXBuildFile; fileRef = 1D7BA30F1577AA03000189AB /* building.json */; };
		1D7BA3131577AA2B000189AB /* UPCBuilding.m in Sources */ = {isa = PBXBuildFile; fileRef = 1D7BA3121577AA2B000189AB /* UPCBuilding.m */; };
		1D7BA3151577ABF9000189AB /* UPCBuildingMappingSpec.m in Sources */ = {isa = PBXBuildFile; fileRef = 1D7BA3141577ABF8000189AB /* UPCBuildingMappingSpec.m */; };
		1D7BA3181577B49B000189AB /* UPCCampusViewController.m in Sources */ = {isa = PBXBuildFile; fileRef = 1D7BA3171577B49B000189AB /* UPCCampusViewController.m */; };
		1DD706F61566554800346AE0 /* libKiwi.a in Frameworks */ = {isa = PBXBuildFile; fileRef = 1DD706F51566554800346AE0 /* libKiwi.a */; };
		1DD706F8156655DC00346AE0 /* libRestKit.a in Frameworks */ = {isa = PBXBuildFile; fileRef = 1DD706F7156655DC00346AE0 /* libRestKit.a */; };
		1DD706FA156655EF00346AE0 /* CFNetwork.framework in Frameworks */ = {isa = PBXBuildFile; fileRef = 1DD706F9156655EF00346AE0 /* CFNetwork.framework */; };
		1DD706FC156655FA00346AE0 /* CoreData.framework in Frameworks */ = {isa = PBXBuildFile; fileRef = 1DD706FB156655FA00346AE0 /* CoreData.framework */; };
		1DD706FE1566560800346AE0 /* MobileCoreServices.framework in Frameworks */ = {isa = PBXBuildFile; fileRef = 1DD706FD1566560800346AE0 /* MobileCoreServices.framework */; };
		1DD707001566561A00346AE0 /* Security.framework in Frameworks */ = {isa = PBXBuildFile; fileRef = 1DD706FF1566561A00346AE0 /* Security.framework */; };
		1DD707021566562300346AE0 /* SystemConfiguration.framework in Frameworks */ = {isa = PBXBuildFile; fileRef = 1DD707011566562300346AE0 /* SystemConfiguration.framework */; };
		1DD707041566562F00346AE0 /* libxml2.dylib in Frameworks */ = {isa = PBXBuildFile; fileRef = 1DD707031566562F00346AE0 /* libxml2.dylib */; };
		1DD707061566580E00346AE0 /* QuartzCore.framework in Frameworks */ = {isa = PBXBuildFile; fileRef = 1DD707051566580E00346AE0 /* QuartzCore.framework */; };
		1DD707331566851A00346AE0 /* UPCSearchResult.m in Sources */ = {isa = PBXBuildFile; fileRef = 1DD707321566851A00346AE0 /* UPCSearchResult.m */; };
		1DD7077A1566890B00346AE0 /* UPCRestKitConfigurator.m in Sources */ = {isa = PBXBuildFile; fileRef = 1DD707791566890B00346AE0 /* UPCRestKitConfigurator.m */; };
		1DD7077D15668F5C00346AE0 /* InfoPlist.strings in Resources */ = {isa = PBXBuildFile; fileRef = 1DD7077E15668F5C00346AE0 /* InfoPlist.strings */; };
		1DD7078115668FA300346AE0 /* searchResult.json in Resources */ = {isa = PBXBuildFile; fileRef = 1DD7078015668FA300346AE0 /* searchResult.json */; };
		1DD7078B156698F300346AE0 /* UPCSearchResultsMappingSpec.m in Sources */ = {isa = PBXBuildFile; fileRef = 1DD7078A156698F300346AE0 /* UPCSearchResultsMappingSpec.m */; };
/* End PBXBuildFile section */

/* Begin PBXContainerItemProxy section */
		1D0956DA1563A704008C69E3 /* PBXContainerItemProxy */ = {
			isa = PBXContainerItemProxy;
			containerPortal = 1D0956AB1563A704008C69E3 /* Project object */;
			proxyType = 1;
			remoteGlobalIDString = 1D0956B31563A704008C69E3;
			remoteInfo = UPC;
		};
/* End PBXContainerItemProxy section */

/* Begin PBXFileReference section */
		1D051A1D156A4078007BFE40 /* NSArray+SearchResultsGrouping.h */ = {isa = PBXFileReference; fileEncoding = 4; lastKnownFileType = sourcecode.c.h; path = "NSArray+SearchResultsGrouping.h"; sourceTree = "<group>"; };
		1D051A1E156A4078007BFE40 /* NSArray+SearchResultsGrouping.m */ = {isa = PBXFileReference; fileEncoding = 4; lastKnownFileType = sourcecode.c.objc; path = "NSArray+SearchResultsGrouping.m"; sourceTree = "<group>"; };
		1D051A22156A4138007BFE40 /* NSString+TestAdditions.h */ = {isa = PBXFileReference; fileEncoding = 4; lastKnownFileType = sourcecode.c.h; path = "NSString+TestAdditions.h"; sourceTree = "<group>"; };
		1D051A23156A4138007BFE40 /* NSString+TestAdditions.m */ = {isa = PBXFileReference; fileEncoding = 4; lastKnownFileType = sourcecode.c.objc; path = "NSString+TestAdditions.m"; sourceTree = "<group>"; };
		1D051A24156A4138007BFE40 /* RKJSONParserJSONKit+TestAdditions.h */ = {isa = PBXFileReference; fileEncoding = 4; lastKnownFileType = sourcecode.c.h; path = "RKJSONParserJSONKit+TestAdditions.h"; sourceTree = "<group>"; };
		1D051A25156A4138007BFE40 /* RKJSONParserJSONKit+TestAdditions.m */ = {isa = PBXFileReference; fileEncoding = 4; lastKnownFileType = sourcecode.c.objc; path = "RKJSONParserJSONKit+TestAdditions.m"; sourceTree = "<group>"; };
		1D051A28156A415D007BFE40 /* SearchResultsGroupingSpec.m */ = {isa = PBXFileReference; fileEncoding = 4; lastKnownFileType = sourcecode.c.objc; path = SearchResultsGroupingSpec.m; sourceTree = "<group>"; };
		1D051A2F156A6323007BFE40 /* UPCSearchResultGroup.h */ = {isa = PBXFileReference; fileEncoding = 4; lastKnownFileType = sourcecode.c.h; path = UPCSearchResultGroup.h; sourceTree = "<group>"; };
		1D051A30156A6323007BFE40 /* UPCSearchResultGroup.m */ = {isa = PBXFileReference; fileEncoding = 4; lastKnownFileType = sourcecode.c.objc; path = UPCSearchResultGroup.m; sourceTree = "<group>"; };
		1D0956B41563A704008C69E3 /* UPC.app */ = {isa = PBXFileReference; explicitFileType = wrapper.application; includeInIndex = 0; path = UPC.app; sourceTree = BUILT_PRODUCTS_DIR; };
		1D0956B81563A704008C69E3 /* UIKit.framework */ = {isa = PBXFileReference; lastKnownFileType = wrapper.framework; name = UIKit.framework; path = System/Library/Frameworks/UIKit.framework; sourceTree = SDKROOT; };
		1D0956BA1563A704008C69E3 /* Foundation.framework */ = {isa = PBXFileReference; lastKnownFileType = wrapper.framework; name = Foundation.framework; path = System/Library/Frameworks/Foundation.framework; sourceTree = SDKROOT; };
		1D0956BC1563A704008C69E3 /* CoreGraphics.framework */ = {isa = PBXFileReference; lastKnownFileType = wrapper.framework; name = CoreGraphics.framework; path = System/Library/Frameworks/CoreGraphics.framework; sourceTree = SDKROOT; };
		1D0956C01563A704008C69E3 /* UPC-Info.plist */ = {isa = PBXFileReference; lastKnownFileType = text.plist.xml; path = "UPC-Info.plist"; sourceTree = "<group>"; };
		1D0956C41563A704008C69E3 /* main.m */ = {isa = PBXFileReference; lastKnownFileType = sourcecode.c.objc; path = main.m; sourceTree = "<group>"; };
		1D0956C61563A704008C69E3 /* UPC-Prefix.pch */ = {isa = PBXFileReference; lastKnownFileType = sourcecode.c.h; path = "UPC-Prefix.pch"; sourceTree = "<group>"; };
		1D0956D51563A704008C69E3 /* UPCTests.octest */ = {isa = PBXFileReference; explicitFileType = wrapper.cfbundle; includeInIndex = 0; path = UPCTests.octest; sourceTree = BUILT_PRODUCTS_DIR; };
		1D0956D61563A704008C69E3 /* SenTestingKit.framework */ = {isa = PBXFileReference; lastKnownFileType = wrapper.framework; name = SenTestingKit.framework; path = Library/Frameworks/SenTestingKit.framework; sourceTree = DEVELOPER_DIR; };
		1D0956DE1563A704008C69E3 /* UPCTests-Info.plist */ = {isa = PBXFileReference; lastKnownFileType = text.plist.xml; path = "UPCTests-Info.plist"; sourceTree = "<group>"; };
		1D0956F01563A7B7008C69E3 /* InfoPlist.strings */ = {isa = PBXFileReference; lastKnownFileType = text.plist.strings; path = InfoPlist.strings; sourceTree = "<group>"; };
		1D0956F31563A805008C69E3 /* UPCAppDelegate.h */ = {isa = PBXFileReference; fileEncoding = 4; lastKnownFileType = sourcecode.c.h; path = UPCAppDelegate.h; sourceTree = "<group>"; };
		1D0956F41563A805008C69E3 /* UPCAppDelegate.m */ = {isa = PBXFileReference; fileEncoding = 4; lastKnownFileType = sourcecode.c.objc; path = UPCAppDelegate.m; sourceTree = "<group>"; };
		1D0956F61563A805008C69E3 /* UPCViewController.h */ = {isa = PBXFileReference; fileEncoding = 4; lastKnownFileType = sourcecode.c.h; path = UPCViewController.h; sourceTree = "<group>"; };
		1D0956F71563A805008C69E3 /* UPCViewController.m */ = {isa = PBXFileReference; fileEncoding = 4; lastKnownFileType = sourcecode.c.objc; path = UPCViewController.m; sourceTree = "<group>"; };
		1D0956FC1563A813008C69E3 /* MainStoryboard.storyboard */ = {isa = PBXFileReference; fileEncoding = 4; lastKnownFileType = file.storyboard; path = MainStoryboard.storyboard; sourceTree = "<group>"; };
		1D0956FF1563AADB008C69E3 /* ico_atenea.png */ = {isa = PBXFileReference; lastKnownFileType = image.png; path = ico_atenea.png; sourceTree = "<group>"; };
		1D0957001563AADB008C69E3 /* ico_atenea@2x.png */ = {isa = PBXFileReference; lastKnownFileType = image.png; path = "ico_atenea@2x.png"; sourceTree = "<group>"; };
		1D0957011563AADB008C69E3 /* ico_graus.png */ = {isa = PBXFileReference; lastKnownFileType = image.png; path = ico_graus.png; sourceTree = "<group>"; };
		1D0957021563AADB008C69E3 /* ico_graus@2x.png */ = {isa = PBXFileReference; lastKnownFileType = image.png; path = "ico_graus@2x.png"; sourceTree = "<group>"; };
		1D0957031563AADB008C69E3 /* ico_mapes.png */ = {isa = PBXFileReference; lastKnownFileType = image.png; path = ico_mapes.png; sourceTree = "<group>"; };
		1D0957041563AADB008C69E3 /* ico_mapes@2x.png */ = {isa = PBXFileReference; lastKnownFileType = image.png; path = "ico_mapes@2x.png"; sourceTree = "<group>"; };
		1D0957051563AADB008C69E3 /* ico_masters.png */ = {isa = PBXFileReference; lastKnownFileType = image.png; path = ico_masters.png; sourceTree = "<group>"; };
		1D0957061563AADB008C69E3 /* ico_masters@2x.png */ = {isa = PBXFileReference; lastKnownFileType = image.png; path = "ico_masters@2x.png"; sourceTree = "<group>"; };
		1D0957071563AADB008C69E3 /* ico_videos.png */ = {isa = PBXFileReference; lastKnownFileType = image.png; path = ico_videos.png; sourceTree = "<group>"; };
		1D0957081563AADB008C69E3 /* ico_videos@2x.png */ = {isa = PBXFileReference; lastKnownFileType = image.png; path = "ico_videos@2x.png"; sourceTree = "<group>"; };
		1D09570A1563AADB008C69E3 /* app-store-icon-1024x1024-precomposed.png */ = {isa = PBXFileReference; lastKnownFileType = image.png; path = "app-store-icon-1024x1024-precomposed.png"; sourceTree = "<group>"; };
		1D09570B1563AADB008C69E3 /* app-store-icon-512x512-precomposed.png */ = {isa = PBXFileReference; lastKnownFileType = image.png; path = "app-store-icon-512x512-precomposed.png"; sourceTree = "<group>"; };
		1D09570C1563AADB008C69E3 /* apple-touch-icon-114x114-precomposed.png */ = {isa = PBXFileReference; lastKnownFileType = image.png; path = "apple-touch-icon-114x114-precomposed.png"; sourceTree = "<group>"; };
		1D09570E1563AADB008C69E3 /* apple-touch-icon-57x57-precomposed.png */ = {isa = PBXFileReference; lastKnownFileType = image.png; path = "apple-touch-icon-57x57-precomposed.png"; sourceTree = "<group>"; };
		1D0957141563AADB008C69E3 /* spotlight_100x100.png */ = {isa = PBXFileReference; lastKnownFileType = image.png; path = spotlight_100x100.png; sourceTree = "<group>"; };
		1D0957151563AADB008C69E3 /* spotlight_29x29.png */ = {isa = PBXFileReference; lastKnownFileType = image.png; path = spotlight_29x29.png; sourceTree = "<group>"; };
		1D0957161563AADB008C69E3 /* spotlight_50x50.png */ = {isa = PBXFileReference; lastKnownFileType = image.png; path = spotlight_50x50.png; sourceTree = "<group>"; };
		1D0957171563AADB008C69E3 /* spotlight_58x58.png */ = {isa = PBXFileReference; lastKnownFileType = image.png; path = spotlight_58x58.png; sourceTree = "<group>"; };
		1D0957391563B547008C69E3 /* MapKit.framework */ = {isa = PBXFileReference; lastKnownFileType = wrapper.framework; name = MapKit.framework; path = System/Library/Frameworks/MapKit.framework; sourceTree = SDKROOT; };
		1D0957431563B796008C69E3 /* Default.png */ = {isa = PBXFileReference; lastKnownFileType = image.png; path = Default.png; sourceTree = "<group>"; };
		1D0957441563B796008C69E3 /* Default@2x.png */ = {isa = PBXFileReference; lastKnownFileType = image.png; path = "Default@2x.png"; sourceTree = "<group>"; };
		1D0957471563E326008C69E3 /* UPCResponsiveWebViewController.h */ = {isa = PBXFileReference; fileEncoding = 4; lastKnownFileType = sourcecode.c.h; path = UPCResponsiveWebViewController.h; sourceTree = "<group>"; };
		1D0957481563E326008C69E3 /* UPCResponsiveWebViewController.m */ = {isa = PBXFileReference; fileEncoding = 4; lastKnownFileType = sourcecode.c.objc; path = UPCResponsiveWebViewController.m; sourceTree = "<group>"; };
		1D09574E1565027F008C69E3 /* button.back.png */ = {isa = PBXFileReference; lastKnownFileType = image.png; path = button.back.png; sourceTree = "<group>"; };
		1D09574F15650280008C69E3 /* button.back@2x.png */ = {isa = PBXFileReference; lastKnownFileType = image.png; path = "button.back@2x.png"; sourceTree = "<group>"; };
		1D09575015650280008C69E3 /* button.forward.png */ = {isa = PBXFileReference; lastKnownFileType = image.png; path = button.forward.png; sourceTree = "<group>"; };
		1D09575115650280008C69E3 /* button.forward@2x.png */ = {isa = PBXFileReference; lastKnownFileType = image.png; path = "button.forward@2x.png"; sourceTree = "<group>"; };
		1D09575615652F83008C69E3 /* UPCMapsViewController.h */ = {isa = PBXFileReference; fileEncoding = 4; lastKnownFileType = sourcecode.c.h; path = UPCMapsViewController.h; sourceTree = "<group>"; };
		1D09575715652F84008C69E3 /* UPCMapsViewController.m */ = {isa = PBXFileReference; fileEncoding = 4; lastKnownFileType = sourcecode.c.objc; path = UPCMapsViewController.m; sourceTree = "<group>"; };
		1D09575D156531A2008C69E3 /* CoreLocation.framework */ = {isa = PBXFileReference; lastKnownFileType = wrapper.framework; name = CoreLocation.framework; path = System/Library/Frameworks/CoreLocation.framework; sourceTree = SDKROOT; };
		1D7BA2FA157781E8000189AB /* UPCCampus.h */ = {isa = PBXFileReference; fileEncoding = 4; lastKnownFileType = sourcecode.c.h; path = UPCCampus.h; sourceTree = "<group>"; };
		1D7BA2FB157781E8000189AB /* UPCCampus.m */ = {isa = PBXFileReference; fileEncoding = 4; lastKnownFileType = sourcecode.c.objc; path = UPCCampus.m; sourceTree = "<group>"; };
		1D7BA2FE157783EB000189AB /* UPCCenter.h */ = {isa = PBXFileReference; fileEncoding = 4; lastKnownFileType = sourcecode.c.h; path = UPCCenter.h; sourceTree = "<group>"; };
		1D7BA2FF157783EB000189AB /* UPCCenter.m */ = {isa = PBXFileReference; fileEncoding = 4; lastKnownFileType = sourcecode.c.objc; path = UPCCenter.m; sourceTree = "<group>"; };
		1D7BA30115778695000189AB /* UPCCampusMappingSpec.m */ = {isa = PBXFileReference; fileEncoding = 4; lastKnownFileType = sourcecode.c.objc; path = UPCCampusMappingSpec.m; sourceTree = "<group>"; };
		1D7BA30315778770000189AB /* campuses.json */ = {isa = PBXFileReference; fileEncoding = 4; lastKnownFileType = text.json; path = campuses.json; sourceTree = "<group>"; };
		1D7BA30515778EEC000189AB /* UPCUnit.h */ = {isa = PBXFileReference; fileEncoding = 4; lastKnownFileType = sourcecode.c.h; path = UPCUnit.h; sourceTree = "<group>"; };
		1D7BA30615778EEC000189AB /* UPCUnit.m */ = {isa = PBXFileReference; fileEncoding = 4; lastKnownFileType = sourcecode.c.objc; path = UPCUnit.m; sourceTree = "<group>"; };
		1D7BA30815779F7D000189AB /* unit.json */ = {isa = PBXFileReference; fileEncoding = 4; lastKnownFileType = text.json; path = unit.json; sourceTree = "<group>"; };
		1D7BA30A15779FF2000189AB /* UPCQualifications.h */ = {isa = PBXFileReference; fileEncoding = 4; lastKnownFileType = sourcecode.c.h; path = UPCQualifications.h; sourceTree = "<group>"; };
		1D7BA30B15779FF2000189AB /* UPCQualifications.m */ = {isa = PBXFileReference; fileEncoding = 4; lastKnownFileType = sourcecode.c.objc; path = UPCQualifications.m; sourceTree = "<group>"; };
		1D7BA30D1577A44B000189AB /* UPCUnitMappingSpec.m */ = {isa = PBXFileReference; fileEncoding = 4; lastKnownFileType = sourcecode.c.objc; path = UPCUnitMappingSpec.m; sourceTree = "<group>"; };
		1D7BA30F1577AA03000189AB /* building.json */ = {isa = PBXFileReference; fileEncoding = 4; lastKnownFileType = text.json; path = building.json; sourceTree = "<group>"; };
		1D7BA3111577AA2A000189AB /* UPCBuilding.h */ = {isa = PBXFileReference; fileEncoding = 4; lastKnownFileType = sourcecode.c.h; path = UPCBuilding.h; sourceTree = "<group>"; };
		1D7BA3121577AA2B000189AB /* UPCBuilding.m */ = {isa = PBXFileReference; fileEncoding = 4; lastKnownFileType = sourcecode.c.objc; path = UPCBuilding.m; sourceTree = "<group>"; };
		1D7BA3141577ABF8000189AB /* UPCBuildingMappingSpec.m */ = {isa = PBXFileReference; fileEncoding = 4; lastKnownFileType = sourcecode.c.objc; path = UPCBuildingMappingSpec.m; sourceTree = "<group>"; };
		1D7BA3161577B49B000189AB /* UPCCampusViewController.h */ = {isa = PBXFileReference; fileEncoding = 4; lastKnownFileType = sourcecode.c.h; path = UPCCampusViewController.h; sourceTree = "<group>"; };
		1D7BA3171577B49B000189AB /* UPCCampusViewController.m */ = {isa = PBXFileReference; fileEncoding = 4; lastKnownFileType = sourcecode.c.objc; path = UPCCampusViewController.m; sourceTree = "<group>"; };
		1DD706F51566554800346AE0 /* libKiwi.a */ = {isa = PBXFileReference; lastKnownFileType = archive.ar; name = libKiwi.a; path = "../Kiwi/build/Release-iphoneos/libKiwi.a"; sourceTree = "<group>"; };
		1DD706F7156655DC00346AE0 /* libRestKit.a */ = {isa = PBXFileReference; lastKnownFileType = archive.ar; name = libRestKit.a; path = "../RestKit/Build/Products/Release-iphoneos/libRestKit.a"; sourceTree = "<group>"; };
		1DD706F9156655EF00346AE0 /* CFNetwork.framework */ = {isa = PBXFileReference; lastKnownFileType = wrapper.framework; name = CFNetwork.framework; path = System/Library/Frameworks/CFNetwork.framework; sourceTree = SDKROOT; };
		1DD706FB156655FA00346AE0 /* CoreData.framework */ = {isa = PBXFileReference; lastKnownFileType = wrapper.framework; name = CoreData.framework; path = System/Library/Frameworks/CoreData.framework; sourceTree = SDKROOT; };
		1DD706FD1566560800346AE0 /* MobileCoreServices.framework */ = {isa = PBXFileReference; lastKnownFileType = wrapper.framework; name = MobileCoreServices.framework; path = System/Library/Frameworks/MobileCoreServices.framework; sourceTree = SDKROOT; };
		1DD706FF1566561A00346AE0 /* Security.framework */ = {isa = PBXFileReference; lastKnownFileType = wrapper.framework; name = Security.framework; path = System/Library/Frameworks/Security.framework; sourceTree = SDKROOT; };
		1DD707011566562300346AE0 /* SystemConfiguration.framework */ = {isa = PBXFileReference; lastKnownFileType = wrapper.framework; name = SystemConfiguration.framework; path = System/Library/Frameworks/SystemConfiguration.framework; sourceTree = SDKROOT; };
		1DD707031566562F00346AE0 /* libxml2.dylib */ = {isa = PBXFileReference; lastKnownFileType = "compiled.mach-o.dylib"; name = libxml2.dylib; path = usr/lib/libxml2.dylib; sourceTree = SDKROOT; };
		1DD707051566580E00346AE0 /* QuartzCore.framework */ = {isa = PBXFileReference; lastKnownFileType = wrapper.framework; name = QuartzCore.framework; path = System/Library/Frameworks/QuartzCore.framework; sourceTree = SDKROOT; };
		1DD707311566851A00346AE0 /* UPCSearchResult.h */ = {isa = PBXFileReference; fileEncoding = 4; lastKnownFileType = sourcecode.c.h; path = UPCSearchResult.h; sourceTree = "<group>"; };
		1DD707321566851A00346AE0 /* UPCSearchResult.m */ = {isa = PBXFileReference; fileEncoding = 4; lastKnownFileType = sourcecode.c.objc; path = UPCSearchResult.m; sourceTree = "<group>"; };
		1DD707781566890B00346AE0 /* UPCRestKitConfigurator.h */ = {isa = PBXFileReference; fileEncoding = 4; lastKnownFileType = sourcecode.c.h; path = UPCRestKitConfigurator.h; sourceTree = "<group>"; };
		1DD707791566890B00346AE0 /* UPCRestKitConfigurator.m */ = {isa = PBXFileReference; fileEncoding = 4; lastKnownFileType = sourcecode.c.objc; path = UPCRestKitConfigurator.m; sourceTree = "<group>"; };
		1DD7077E15668F5C00346AE0 /* InfoPlist.strings */ = {isa = PBXFileReference; lastKnownFileType = text.plist.strings; path = InfoPlist.strings; sourceTree = "<group>"; };
		1DD7078015668FA300346AE0 /* searchResult.json */ = {isa = PBXFileReference; fileEncoding = 4; lastKnownFileType = text.json; path = searchResult.json; sourceTree = "<group>"; };
		1DD7078A156698F300346AE0 /* UPCSearchResultsMappingSpec.m */ = {isa = PBXFileReference; fileEncoding = 4; lastKnownFileType = sourcecode.c.objc; path = UPCSearchResultsMappingSpec.m; sourceTree = "<group>"; };
/* End PBXFileReference section */

/* Begin PBXFrameworksBuildPhase section */
		1D0956B11563A704008C69E3 /* Frameworks */ = {
			isa = PBXFrameworksBuildPhase;
			buildActionMask = 2147483647;
			files = (
				1DD707061566580E00346AE0 /* QuartzCore.framework in Frameworks */,
				1D0956B91563A704008C69E3 /* UIKit.framework in Frameworks */,
				1D0956BB1563A704008C69E3 /* Foundation.framework in Frameworks */,
				1D0956BD1563A704008C69E3 /* CoreGraphics.framework in Frameworks */,
				1D09573A1563B547008C69E3 /* MapKit.framework in Frameworks */,
				1D09575E156531A2008C69E3 /* CoreLocation.framework in Frameworks */,
				1DD706F8156655DC00346AE0 /* libRestKit.a in Frameworks */,
				1DD706FA156655EF00346AE0 /* CFNetwork.framework in Frameworks */,
				1DD706FC156655FA00346AE0 /* CoreData.framework in Frameworks */,
				1DD706FE1566560800346AE0 /* MobileCoreServices.framework in Frameworks */,
				1DD707001566561A00346AE0 /* Security.framework in Frameworks */,
				1DD707021566562300346AE0 /* SystemConfiguration.framework in Frameworks */,
				1DD707041566562F00346AE0 /* libxml2.dylib in Frameworks */,
			);
			runOnlyForDeploymentPostprocessing = 0;
		};
		1D0956D11563A704008C69E3 /* Frameworks */ = {
			isa = PBXFrameworksBuildPhase;
			buildActionMask = 2147483647;
			files = (
				1D0956D71563A704008C69E3 /* SenTestingKit.framework in Frameworks */,
				1D0956D81563A704008C69E3 /* UIKit.framework in Frameworks */,
				1D0956D91563A704008C69E3 /* Foundation.framework in Frameworks */,
				1DD706F61566554800346AE0 /* libKiwi.a in Frameworks */,
				1D051A2A156A4952007BFE40 /* CoreLocation.framework in Frameworks */,
			);
			runOnlyForDeploymentPostprocessing = 0;
		};
/* End PBXFrameworksBuildPhase section */

/* Begin PBXGroup section */
		1D051A21156A40E9007BFE40 /* test-helpers */ = {
			isa = PBXGroup;
			children = (
				1D051A22156A4138007BFE40 /* NSString+TestAdditions.h */,
				1D051A23156A4138007BFE40 /* NSString+TestAdditions.m */,
				1D051A24156A4138007BFE40 /* RKJSONParserJSONKit+TestAdditions.h */,
				1D051A25156A4138007BFE40 /* RKJSONParserJSONKit+TestAdditions.m */,
			);
			path = "test-helpers";
			sourceTree = "<group>";
		};
		1D0956A91563A704008C69E3 = {
			isa = PBXGroup;
			children = (
				1D0956BE1563A704008C69E3 /* UPC */,
				1D0956DC1563A704008C69E3 /* UPCTests */,
				1D0956B71563A704008C69E3 /* Frameworks */,
				1D0956B51563A704008C69E3 /* Products */,
			);
			sourceTree = "<group>";
		};
		1D0956B51563A704008C69E3 /* Products */ = {
			isa = PBXGroup;
			children = (
				1D0956B41563A704008C69E3 /* UPC.app */,
				1D0956D51563A704008C69E3 /* UPCTests.octest */,
			);
			name = Products;
			sourceTree = "<group>";
		};
		1D0956B71563A704008C69E3 /* Frameworks */ = {
			isa = PBXGroup;
			children = (
				1D0956B81563A704008C69E3 /* UIKit.framework */,
				1D0956BA1563A704008C69E3 /* Foundation.framework */,
				1D0956BC1563A704008C69E3 /* CoreGraphics.framework */,
				1D0956D61563A704008C69E3 /* SenTestingKit.framework */,
				1D0957391563B547008C69E3 /* MapKit.framework */,
				1D09575D156531A2008C69E3 /* CoreLocation.framework */,
				1DD706F51566554800346AE0 /* libKiwi.a */,
				1DD706F7156655DC00346AE0 /* libRestKit.a */,
				1DD706F9156655EF00346AE0 /* CFNetwork.framework */,
				1DD706FB156655FA00346AE0 /* CoreData.framework */,
				1DD706FD1566560800346AE0 /* MobileCoreServices.framework */,
				1DD706FF1566561A00346AE0 /* Security.framework */,
				1DD707011566562300346AE0 /* SystemConfiguration.framework */,
				1DD707031566562F00346AE0 /* libxml2.dylib */,
				1DD707051566580E00346AE0 /* QuartzCore.framework */,
			);
			name = Frameworks;
			sourceTree = "<group>";
		};
		1D0956BE1563A704008C69E3 /* UPC */ = {
			isa = PBXGroup;
			children = (
				1D0956F11563A805008C69E3 /* classes */,
				1D0956FA1563A813008C69E3 /* resources */,
				1D0956BF1563A704008C69E3 /* Supporting Files */,
			);
			path = UPC;
			sourceTree = "<group>";
		};
		1D0956BF1563A704008C69E3 /* Supporting Files */ = {
			isa = PBXGroup;
			children = (
				1D0956C01563A704008C69E3 /* UPC-Info.plist */,
				1D0956F01563A7B7008C69E3 /* InfoPlist.strings */,
				1D0956C41563A704008C69E3 /* main.m */,
				1D0956C61563A704008C69E3 /* UPC-Prefix.pch */,
			);
			name = "Supporting Files";
			sourceTree = "<group>";
		};
		1D0956DC1563A704008C69E3 /* UPCTests */ = {
			isa = PBXGroup;
			children = (
				1DD7077B15668F0200346AE0 /* classes */,
				1DD7077C15668F0900346AE0 /* resources */,
				1D0956DD1563A704008C69E3 /* Supporting Files */,
			);
			path = UPCTests;
			sourceTree = "<group>";
		};
		1D0956DD1563A704008C69E3 /* Supporting Files */ = {
			isa = PBXGroup;
			children = (
				1D0956DE1563A704008C69E3 /* UPCTests-Info.plist */,
				1DD7077E15668F5C00346AE0 /* InfoPlist.strings */,
			);
			name = "Supporting Files";
			sourceTree = "<group>";
		};
		1D0956F11563A805008C69E3 /* classes */ = {
			isa = PBXGroup;
			children = (
				1D0956F21563A805008C69E3 /* app-delegate */,
				1D0956F51563A805008C69E3 /* controllers */,
				1DD70777156688A700346AE0 /* helpers */,
				1DD707301566847C00346AE0 /* models */,
			);
			path = classes;
			sourceTree = "<group>";
		};
		1D0956F21563A805008C69E3 /* app-delegate */ = {
			isa = PBXGroup;
			children = (
				1D0956F31563A805008C69E3 /* UPCAppDelegate.h */,
				1D0956F41563A805008C69E3 /* UPCAppDelegate.m */,
			);
			path = "app-delegate";
			sourceTree = "<group>";
		};
		1D0956F51563A805008C69E3 /* controllers */ = {
			isa = PBXGroup;
			children = (
				1D7BA3161577B49B000189AB /* UPCCampusViewController.h */,
				1D7BA3171577B49B000189AB /* UPCCampusViewController.m */,
				1D09575615652F83008C69E3 /* UPCMapsViewController.h */,
				1D09575715652F84008C69E3 /* UPCMapsViewController.m */,
				1D0957471563E326008C69E3 /* UPCResponsiveWebViewController.h */,
				1D0957481563E326008C69E3 /* UPCResponsiveWebViewController.m */,
				1D0956F61563A805008C69E3 /* UPCViewController.h */,
				1D0956F71563A805008C69E3 /* UPCViewController.m */,
			);
			path = controllers;
			sourceTree = "<group>";
		};
		1D0956FA1563A813008C69E3 /* resources */ = {
			isa = PBXGroup;
			children = (
				1D0956FE1563AADB008C69E3 /* images */,
				1D0957091563AADB008C69E3 /* ios-images */,
				1D0956FB1563A813008C69E3 /* storyboard */,
			);
			path = resources;
			sourceTree = "<group>";
		};
		1D0956FB1563A813008C69E3 /* storyboard */ = {
			isa = PBXGroup;
			children = (
				1D0956FC1563A813008C69E3 /* MainStoryboard.storyboard */,
			);
			path = storyboard;
			sourceTree = "<group>";
		};
		1D0956FE1563AADB008C69E3 /* images */ = {
			isa = PBXGroup;
			children = (
				1D09574E1565027F008C69E3 /* button.back.png */,
				1D09574F15650280008C69E3 /* button.back@2x.png */,
				1D09575015650280008C69E3 /* button.forward.png */,
				1D09575115650280008C69E3 /* button.forward@2x.png */,
				1D0956FF1563AADB008C69E3 /* ico_atenea.png */,
				1D0957001563AADB008C69E3 /* ico_atenea@2x.png */,
				1D0957011563AADB008C69E3 /* ico_graus.png */,
				1D0957021563AADB008C69E3 /* ico_graus@2x.png */,
				1D0957031563AADB008C69E3 /* ico_mapes.png */,
				1D0957041563AADB008C69E3 /* ico_mapes@2x.png */,
				1D0957051563AADB008C69E3 /* ico_masters.png */,
				1D0957061563AADB008C69E3 /* ico_masters@2x.png */,
				1D0957071563AADB008C69E3 /* ico_videos.png */,
				1D0957081563AADB008C69E3 /* ico_videos@2x.png */,
			);
			path = images;
			sourceTree = "<group>";
		};
		1D0957091563AADB008C69E3 /* ios-images */ = {
			isa = PBXGroup;
			children = (
				1D09570A1563AADB008C69E3 /* app-store-icon-1024x1024-precomposed.png */,
				1D09570B1563AADB008C69E3 /* app-store-icon-512x512-precomposed.png */,
				1D09570C1563AADB008C69E3 /* apple-touch-icon-114x114-precomposed.png */,
				1D09570E1563AADB008C69E3 /* apple-touch-icon-57x57-precomposed.png */,
				1D0957431563B796008C69E3 /* Default.png */,
				1D0957441563B796008C69E3 /* Default@2x.png */,
				1D0957141563AADB008C69E3 /* spotlight_100x100.png */,
				1D0957151563AADB008C69E3 /* spotlight_29x29.png */,
				1D0957161563AADB008C69E3 /* spotlight_50x50.png */,
				1D0957171563AADB008C69E3 /* spotlight_58x58.png */,
			);
			path = "ios-images";
			sourceTree = "<group>";
		};
		1DD707301566847C00346AE0 /* models */ = {
			isa = PBXGroup;
			children = (
				1D7BA3111577AA2A000189AB /* UPCBuilding.h */,
				1D7BA3121577AA2B000189AB /* UPCBuilding.m */,
				1D7BA2FA157781E8000189AB /* UPCCampus.h */,
				1D7BA2FB157781E8000189AB /* UPCCampus.m */,
				1D7BA2FE157783EB000189AB /* UPCCenter.h */,
				1D7BA2FF157783EB000189AB /* UPCCenter.m */,
				1D7BA30A15779FF2000189AB /* UPCQualifications.h */,
				1D7BA30B15779FF2000189AB /* UPCQualifications.m */,
				1DD707311566851A00346AE0 /* UPCSearchResult.h */,
				1DD707321566851A00346AE0 /* UPCSearchResult.m */,
				1D051A2F156A6323007BFE40 /* UPCSearchResultGroup.h */,
				1D051A30156A6323007BFE40 /* UPCSearchResultGroup.m */,
				1D7BA30515778EEC000189AB /* UPCUnit.h */,
				1D7BA30615778EEC000189AB /* UPCUnit.m */,
			);
			path = models;
			sourceTree = "<group>";
		};
		1DD70777156688A700346AE0 /* helpers */ = {
			isa = PBXGroup;
			children = (
				1D051A1D156A4078007BFE40 /* NSArray+SearchResultsGrouping.h */,
				1D051A1E156A4078007BFE40 /* NSArray+SearchResultsGrouping.m */,
				1DD707781566890B00346AE0 /* UPCRestKitConfigurator.h */,
				1DD707791566890B00346AE0 /* UPCRestKitConfigurator.m */,
			);
			path = helpers;
			sourceTree = "<group>";
		};
		1DD7077B15668F0200346AE0 /* classes */ = {
			isa = PBXGroup;
			children = (
				1D051A21156A40E9007BFE40 /* test-helpers */,
				1DD707831566934900346AE0 /* helpers */,
				1DD707821566932800346AE0 /* mappings */,
			);
			path = classes;
			sourceTree = "<group>";
		};
		1DD7077C15668F0900346AE0 /* resources */ = {
			isa = PBXGroup;
			children = (
				1DD7077F15668F7C00346AE0 /* fixtures */,
			);
			path = resources;
			sourceTree = "<group>";
		};
		1DD7077F15668F7C00346AE0 /* fixtures */ = {
			isa = PBXGroup;
			children = (
				1D7BA30F1577AA03000189AB /* building.json */,
				1D7BA30315778770000189AB /* campuses.json */,
				1DD7078015668FA300346AE0 /* searchResult.json */,
				1D7BA30815779F7D000189AB /* unit.json */,
			);
			path = fixtures;
			sourceTree = "<group>";
		};
		1DD707821566932800346AE0 /* mappings */ = {
			isa = PBXGroup;
			children = (
				1D7BA3141577ABF8000189AB /* UPCBuildingMappingSpec.m */,
				1D7BA30115778695000189AB /* UPCCampusMappingSpec.m */,
				1DD7078A156698F300346AE0 /* UPCSearchResultsMappingSpec.m */,
				1D7BA30D1577A44B000189AB /* UPCUnitMappingSpec.m */,
			);
			path = mappings;
			sourceTree = "<group>";
		};
		1DD707831566934900346AE0 /* helpers */ = {
			isa = PBXGroup;
			children = (
				1D051A28156A415D007BFE40 /* SearchResultsGroupingSpec.m */,
			);
			path = helpers;
			sourceTree = "<group>";
		};
/* End PBXGroup section */

/* Begin PBXNativeTarget section */
		1D0956B31563A704008C69E3 /* UPC */ = {
			isa = PBXNativeTarget;
			buildConfigurationList = 1D0956E71563A704008C69E3 /* Build configuration list for PBXNativeTarget "UPC" */;
			buildPhases = (
				1D0956B01563A704008C69E3 /* Sources */,
				1D0956B11563A704008C69E3 /* Frameworks */,
				1D0956B21563A704008C69E3 /* Resources */,
			);
			buildRules = (
			);
			dependencies = (
			);
			name = UPC;
			productName = UPC;
			productReference = 1D0956B41563A704008C69E3 /* UPC.app */;
			productType = "com.apple.product-type.application";
		};
		1D0956D41563A704008C69E3 /* UPCTests */ = {
			isa = PBXNativeTarget;
			buildConfigurationList = 1D0956EA1563A704008C69E3 /* Build configuration list for PBXNativeTarget "UPCTests" */;
			buildPhases = (
				1D0956D01563A704008C69E3 /* Sources */,
				1D0956D11563A704008C69E3 /* Frameworks */,
				1D0956D21563A704008C69E3 /* Resources */,
				1D0956D31563A704008C69E3 /* ShellScript */,
			);
			buildRules = (
			);
			dependencies = (
				1D0956DB1563A704008C69E3 /* PBXTargetDependency */,
			);
			name = UPCTests;
			productName = UPCTests;
			productReference = 1D0956D51563A704008C69E3 /* UPCTests.octest */;
			productType = "com.apple.product-type.bundle";
		};
/* End PBXNativeTarget section */

/* Begin PBXProject section */
		1D0956AB1563A704008C69E3 /* Project object */ = {
			isa = PBXProject;
			attributes = {
				CLASSPREFIX = UPC;
				LastUpgradeCheck = 0430;
				ORGANIZATIONNAME = "Universitat Politècnica de Catalunya";
			};
			buildConfigurationList = 1D0956AE1563A704008C69E3 /* Build configuration list for PBXProject "UPC" */;
			compatibilityVersion = "Xcode 3.2";
			developmentRegion = English;
			hasScannedForEncodings = 0;
			knownRegions = (
				en,
			);
			mainGroup = 1D0956A91563A704008C69E3;
			productRefGroup = 1D0956B51563A704008C69E3 /* Products */;
			projectDirPath = "";
			projectRoot = "";
			targets = (
				1D0956B31563A704008C69E3 /* UPC */,
				1D0956D41563A704008C69E3 /* UPCTests */,
			);
		};
/* End PBXProject section */

/* Begin PBXResourcesBuildPhase section */
		1D0956B21563A704008C69E3 /* Resources */ = {
			isa = PBXResourcesBuildPhase;
			buildActionMask = 2147483647;
			files = (
				1D0956EF1563A7B7008C69E3 /* InfoPlist.strings in Resources */,
				1D0956FD1563A813008C69E3 /* MainStoryboard.storyboard in Resources */,
				1D0957181563AADB008C69E3 /* ico_atenea.png in Resources */,
				1D0957191563AADB008C69E3 /* ico_atenea@2x.png in Resources */,
				1D09571A1563AADB008C69E3 /* ico_graus.png in Resources */,
				1D09571B1563AADB008C69E3 /* ico_graus@2x.png in Resources */,
				1D09571C1563AADB008C69E3 /* ico_mapes.png in Resources */,
				1D09571D1563AADB008C69E3 /* ico_mapes@2x.png in Resources */,
				1D09571E1563AADB008C69E3 /* ico_masters.png in Resources */,
				1D09571F1563AADB008C69E3 /* ico_masters@2x.png in Resources */,
				1D0957201563AADB008C69E3 /* ico_videos.png in Resources */,
				1D0957211563AADB008C69E3 /* ico_videos@2x.png in Resources */,
				1D0957221563AADB008C69E3 /* app-store-icon-1024x1024-precomposed.png in Resources */,
				1D0957231563AADB008C69E3 /* app-store-icon-512x512-precomposed.png in Resources */,
				1D0957241563AADB008C69E3 /* apple-touch-icon-114x114-precomposed.png in Resources */,
				1D0957261563AADB008C69E3 /* apple-touch-icon-57x57-precomposed.png in Resources */,
				1D09572C1563AADB008C69E3 /* spotlight_100x100.png in Resources */,
				1D09572D1563AADB008C69E3 /* spotlight_29x29.png in Resources */,
				1D09572E1563AADB008C69E3 /* spotlight_50x50.png in Resources */,
				1D09572F1563AADB008C69E3 /* spotlight_58x58.png in Resources */,
				1D0957451563B796008C69E3 /* Default.png in Resources */,
				1D0957461563B796008C69E3 /* Default@2x.png in Resources */,
				1D09575215650280008C69E3 /* button.back.png in Resources */,
				1D09575315650280008C69E3 /* button.back@2x.png in Resources */,
				1D09575415650280008C69E3 /* button.forward.png in Resources */,
				1D09575515650280008C69E3 /* button.forward@2x.png in Resources */,
			);
			runOnlyForDeploymentPostprocessing = 0;
		};
		1D0956D21563A704008C69E3 /* Resources */ = {
			isa = PBXResourcesBuildPhase;
			buildActionMask = 2147483647;
			files = (
				1DD7077D15668F5C00346AE0 /* InfoPlist.strings in Resources */,
				1DD7078115668FA300346AE0 /* searchResult.json in Resources */,
				1D7BA30415778770000189AB /* campuses.json in Resources */,
				1D7BA30915779F7D000189AB /* unit.json in Resources */,
				1D7BA3101577AA03000189AB /* building.json in Resources */,
			);
			runOnlyForDeploymentPostprocessing = 0;
		};
/* End PBXResourcesBuildPhase section */

/* Begin PBXShellScriptBuildPhase section */
		1D0956D31563A704008C69E3 /* ShellScript */ = {
			isa = PBXShellScriptBuildPhase;
			buildActionMask = 2147483647;
			files = (
			);
			inputPaths = (
			);
			outputPaths = (
			);
			runOnlyForDeploymentPostprocessing = 0;
			shellPath = /bin/sh;
			shellScript = "# Run the unit tests in this test bundle.\n\"${SYSTEM_DEVELOPER_DIR}/Tools/RunUnitTests\"\n";
		};
/* End PBXShellScriptBuildPhase section */

/* Begin PBXSourcesBuildPhase section */
		1D0956B01563A704008C69E3 /* Sources */ = {
			isa = PBXSourcesBuildPhase;
			buildActionMask = 2147483647;
			files = (
				1D0956C51563A704008C69E3 /* main.m in Sources */,
				1D0956F81563A805008C69E3 /* UPCAppDelegate.m in Sources */,
				1D0956F91563A805008C69E3 /* UPCViewController.m in Sources */,
				1D0957491563E326008C69E3 /* UPCResponsiveWebViewController.m in Sources */,
				1D09575815652F84008C69E3 /* UPCMapsViewController.m in Sources */,
				1DD707331566851A00346AE0 /* UPCSearchResult.m in Sources */,
				1DD7077A1566890B00346AE0 /* UPCRestKitConfigurator.m in Sources */,
				1D051A1F156A4078007BFE40 /* NSArray+SearchResultsGrouping.m in Sources */,
				1D051A31156A6323007BFE40 /* UPCSearchResultGroup.m in Sources */,
				1D7BA2FC157781E8000189AB /* UPCCampus.m in Sources */,
				1D7BA300157783EB000189AB /* UPCCenter.m in Sources */,
				1D7BA30715778EEC000189AB /* UPCUnit.m in Sources */,
				1D7BA30C15779FF2000189AB /* UPCQualifications.m in Sources */,
				1D7BA3131577AA2B000189AB /* UPCBuilding.m in Sources */,
				1D7BA3181577B49B000189AB /* UPCCampusViewController.m in Sources */,
			);
			runOnlyForDeploymentPostprocessing = 0;
		};
		1D0956D01563A704008C69E3 /* Sources */ = {
			isa = PBXSourcesBuildPhase;
			buildActionMask = 2147483647;
			files = (
				1DD7078B156698F300346AE0 /* UPCSearchResultsMappingSpec.m in Sources */,
				1D051A26156A4138007BFE40 /* NSString+TestAdditions.m in Sources */,
				1D051A27156A4138007BFE40 /* RKJSONParserJSONKit+TestAdditions.m in Sources */,
				1D051A29156A415D007BFE40 /* SearchResultsGroupingSpec.m in Sources */,
				1D7BA30215778695000189AB /* UPCCampusMappingSpec.m in Sources */,
				1D7BA30E1577A44B000189AB /* UPCUnitMappingSpec.m in Sources */,
				1D7BA3151577ABF9000189AB /* UPCBuildingMappingSpec.m in Sources */,
			);
			runOnlyForDeploymentPostprocessing = 0;
		};
/* End PBXSourcesBuildPhase section */

/* Begin PBXTargetDependency section */
		1D0956DB1563A704008C69E3 /* PBXTargetDependency */ = {
			isa = PBXTargetDependency;
			target = 1D0956B31563A704008C69E3 /* UPC */;
			targetProxy = 1D0956DA1563A704008C69E3 /* PBXContainerItemProxy */;
		};
/* End PBXTargetDependency section */

/* Begin XCBuildConfiguration section */
		1D0956E51563A704008C69E3 /* Debug */ = {
			isa = XCBuildConfiguration;
			buildSettings = {
				ALWAYS_SEARCH_USER_PATHS = NO;
				ARCHS = "$(ARCHS_STANDARD_32_BIT)";
				CLANG_ENABLE_OBJC_ARC = YES;
				"CODE_SIGN_IDENTITY[sdk=iphoneos*]" = "iPhone Developer";
				COPY_PHASE_STRIP = NO;
				GCC_C_LANGUAGE_STANDARD = gnu99;
				GCC_DYNAMIC_NO_PIC = NO;
				GCC_OPTIMIZATION_LEVEL = 0;
				GCC_PREPROCESSOR_DEFINITIONS = (
					"DEBUG=1",
					"$(inherited)",
				);
				GCC_SYMBOLS_PRIVATE_EXTERN = NO;
				GCC_VERSION = com.apple.compilers.llvm.clang.1_0;
				GCC_WARN_ABOUT_RETURN_TYPE = YES;
				GCC_WARN_UNINITIALIZED_AUTOS = YES;
				GCC_WARN_UNUSED_VARIABLE = YES;
				IPHONEOS_DEPLOYMENT_TARGET = 5.1;
				SDKROOT = iphoneos;
			};
			name = Debug;
		};
		1D0956E61563A704008C69E3 /* Release */ = {
			isa = XCBuildConfiguration;
			buildSettings = {
				ALWAYS_SEARCH_USER_PATHS = NO;
				ARCHS = "$(ARCHS_STANDARD_32_BIT)";
				CLANG_ENABLE_OBJC_ARC = YES;
				"CODE_SIGN_IDENTITY[sdk=iphoneos*]" = "iPhone Developer";
				COPY_PHASE_STRIP = YES;
				GCC_C_LANGUAGE_STANDARD = gnu99;
				GCC_VERSION = com.apple.compilers.llvm.clang.1_0;
				GCC_WARN_ABOUT_RETURN_TYPE = YES;
				GCC_WARN_UNINITIALIZED_AUTOS = YES;
				GCC_WARN_UNUSED_VARIABLE = YES;
				IPHONEOS_DEPLOYMENT_TARGET = 5.1;
				OTHER_CFLAGS = "-DNS_BLOCK_ASSERTIONS=1";
				SDKROOT = iphoneos;
				VALIDATE_PRODUCT = YES;
			};
			name = Release;
		};
		1D0956E81563A704008C69E3 /* Debug */ = {
			isa = XCBuildConfiguration;
			buildSettings = {
				CODE_SIGN_IDENTITY = "iPhone Developer";
				GCC_PRECOMPILE_PREFIX_HEADER = YES;
				GCC_PREFIX_HEADER = "UPC/UPC-Prefix.pch";
				INFOPLIST_FILE = "UPC/UPC-Info.plist";
				IPHONEOS_DEPLOYMENT_TARGET = 5.0;
				OTHER_LDFLAGS = (
					"-all_load",
					"-ObjC",
				);
				PRODUCT_NAME = "$(TARGET_NAME)";
				PROVISIONING_PROFILE = "";
				USER_HEADER_SEARCH_PATHS = "$(BUILT_PRODUCTS_DIR)/../../Headers";
				WRAPPER_EXTENSION = app;
			};
			name = Debug;
		};
		1D0956E91563A704008C69E3 /* Release */ = {
			isa = XCBuildConfiguration;
			buildSettings = {
				CODE_SIGN_IDENTITY = "iPhone Distribution";
				"CODE_SIGN_IDENTITY[sdk=iphoneos*]" = "iPhone Distribution";
				GCC_PRECOMPILE_PREFIX_HEADER = YES;
				GCC_PREFIX_HEADER = "UPC/UPC-Prefix.pch";
				INFOPLIST_FILE = "UPC/UPC-Info.plist";
				IPHONEOS_DEPLOYMENT_TARGET = 5.0;
				OTHER_LDFLAGS = (
					"-all_load",
					"-ObjC",
				);
				PRODUCT_NAME = "$(TARGET_NAME)";
				PROVISIONING_PROFILE = "";
				"PROVISIONING_PROFILE[sdk=iphoneos*]" = "";
				USER_HEADER_SEARCH_PATHS = "$(BUILT_PRODUCTS_DIR)/../../Headers";
				WRAPPER_EXTENSION = app;
			};
			name = Release;
		};
		1D0956EB1563A704008C69E3 /* Debug */ = {
			isa = XCBuildConfiguration;
			buildSettings = {
				BUNDLE_LOADER = "$(BUILT_PRODUCTS_DIR)/UPC.app/UPC";
				FRAMEWORK_SEARCH_PATHS = (
					"$(SDKROOT)/Developer/Library/Frameworks",
					"$(DEVELOPER_LIBRARY_DIR)/Frameworks",
				);
				GCC_PRECOMPILE_PREFIX_HEADER = YES;
				GCC_PREFIX_HEADER = "UPC/UPC-Prefix.pch";
				INFOPLIST_FILE = "UPCTests/UPCTests-Info.plist";
				OTHER_LDFLAGS = "-all_load";
				PRODUCT_NAME = "$(TARGET_NAME)";
				TEST_HOST = "$(BUNDLE_LOADER)";
				USER_HEADER_SEARCH_PATHS = "$(SOURCE_ROOT)/../Kiwi/Kiwi/** $(BUILT_PRODUCTS_DIR)/../../Headers";
				WRAPPER_EXTENSION = octest;
			};
			name = Debug;
		};
		1D0956EC1563A704008C69E3 /* Release */ = {
			isa = XCBuildConfiguration;
			buildSettings = {
				BUNDLE_LOADER = "$(BUILT_PRODUCTS_DIR)/UPC.app/UPC";
				FRAMEWORK_SEARCH_PATHS = (
					"$(SDKROOT)/Developer/Library/Frameworks",
					"$(DEVELOPER_LIBRARY_DIR)/Frameworks",
				);
				GCC_PRECOMPILE_PREFIX_HEADER = YES;
				GCC_PREFIX_HEADER = "UPC/UPC-Prefix.pch";
				INFOPLIST_FILE = "UPCTests/UPCTests-Info.plist";
				OTHER_LDFLAGS = "-all_load";
				PRODUCT_NAME = "$(TARGET_NAME)";
				TEST_HOST = "$(BUNDLE_LOADER)";
				USER_HEADER_SEARCH_PATHS = "$(SOURCE_ROOT)/../Kiwi/Kiwi/** $(BUILT_PRODUCTS_DIR)/../../Headers";
				WRAPPER_EXTENSION = octest;
			};
			name = Release;
		};
/* End XCBuildConfiguration section */

/* Begin XCConfigurationList section */
		1D0956AE1563A704008C69E3 /* Build configuration list for PBXProject "UPC" */ = {
			isa = XCConfigurationList;
			buildConfigurations = (
				1D0956E51563A704008C69E3 /* Debug */,
				1D0956E61563A704008C69E3 /* Release */,
			);
			defaultConfigurationIsVisible = 0;
			defaultConfigurationName = Release;
		};
		1D0956E71563A704008C69E3 /* Build configuration list for PBXNativeTarget "UPC" */ = {
			isa = XCConfigurationList;
			buildConfigurations = (
				1D0956E81563A704008C69E3 /* Debug */,
				1D0956E91563A704008C69E3 /* Release */,
			);
			defaultConfigurationIsVisible = 0;
			defaultConfigurationName = Release;
		};
		1D0956EA1563A704008C69E3 /* Build configuration list for PBXNativeTarget "UPCTests" */ = {
			isa = XCConfigurationList;
			buildConfigurations = (
				1D0956EB1563A704008C69E3 /* Debug */,
				1D0956EC1563A704008C69E3 /* Release */,
			);
			defaultConfigurationIsVisible = 0;
			defaultConfigurationName = Release;
		};
/* End XCConfigurationList section */
	};
	rootObject = 1D0956AB1563A704008C69E3 /* Project object */;
}
